// !$*UTF8*$!
{
	archiveVersion = 1;
	classes = {
	};
	objectVersion = 46;
	objects = {

/* Begin PBXBuildFile section */
		5C0D278F14AC75E400756A24 /* ScScolaMember.m in Sources */ = {isa = PBXBuildFile; fileRef = 5C0D278E14AC75E400756A24 /* ScScolaMember.m */; };
		5C0D279314AC75E500756A24 /* ScDevice.m in Sources */ = {isa = PBXBuildFile; fileRef = 5C0D279214AC75E500756A24 /* ScDevice.m */; };
		5C17435B14ABA3DC006B859B /* Settings.bundle in Resources */ = {isa = PBXBuildFile; fileRef = 5C17435A14ABA3DC006B859B /* Settings.bundle */; };
		5C23431214812A3100164478 /* ScStrings.m in Sources */ = {isa = PBXBuildFile; fileRef = 5C23431114812A3000164478 /* ScStrings.m */; };
		5C2343161481544A00164478 /* ScJSONUtil.m in Sources */ = {isa = PBXBuildFile; fileRef = 5C2343151481544A00164478 /* ScJSONUtil.m */; };
		5C2E11141469CDE5005BDE61 /* ScServerConnection.m in Sources */ = {isa = PBXBuildFile; fileRef = 5C2E11131469CDE5005BDE61 /* ScServerConnection.m */; };
		5C36BE8A146E9DA100DD3CEA /* ScAppEnv.m in Sources */ = {isa = PBXBuildFile; fileRef = 5C36BE89146E9DA100DD3CEA /* ScAppEnv.m */; };
		5C36BE9914704E6800DD3CEA /* CoreData.framework in Frameworks */ = {isa = PBXBuildFile; fileRef = 5C36BE9814704E6800DD3CEA /* CoreData.framework */; settings = {ATTRIBUTES = (Required, ); }; };
		5C36BE9C1470507700DD3CEA /* ScolaApp.xcdatamodeld in Sources */ = {isa = PBXBuildFile; fileRef = 5C36BE9A1470507700DD3CEA /* ScolaApp.xcdatamodeld */; };
		5C3D42821485678F009A68E0 /* ScMainViewController.m in Sources */ = {isa = PBXBuildFile; fileRef = 5C3D42811485678F009A68E0 /* ScMainViewController.m */; };
		5C3E133214A39C8D0068967F /* dark-linen-640x960.png in Resources */ = {isa = PBXBuildFile; fileRef = 5C3E133114A39C8D0068967F /* dark-linen-640x960.png */; };
		5C4F971A14937AA2006E244F /* ScToDoItem.m in Sources */ = {isa = PBXBuildFile; fileRef = 5C4F971914937AA2006E244F /* ScToDoItem.m */; };
		5C4F971D14937AA3006E244F /* ScOrganisationContact.m in Sources */ = {isa = PBXBuildFile; fileRef = 5C4F971C14937AA3006E244F /* ScOrganisationContact.m */; };
		5C4F972314937AA3006E244F /* ScEventInvitationScola.m in Sources */ = {isa = PBXBuildFile; fileRef = 5C4F972214937AA3006E244F /* ScEventInvitationScola.m */; };
		5C4F972614937AA3006E244F /* ScDocument.m in Sources */ = {isa = PBXBuildFile; fileRef = 5C4F972514937AA3006E244F /* ScDocument.m */; };
		5C4F972914937AA3006E244F /* ScDocumentElement.m in Sources */ = {isa = PBXBuildFile; fileRef = 5C4F972814937AA3006E244F /* ScDocumentElement.m */; };
		5C4F972C14937AA4006E244F /* ScCachedAddress.m in Sources */ = {isa = PBXBuildFile; fileRef = 5C4F972B14937AA4006E244F /* ScCachedAddress.m */; };
		5C4F973214937AA4006E244F /* ScScheduledAbsence.m in Sources */ = {isa = PBXBuildFile; fileRef = 5C4F973114937AA4006E244F /* ScScheduledAbsence.m */; };
		5C4F973514937AA4006E244F /* ScEvent.m in Sources */ = {isa = PBXBuildFile; fileRef = 5C4F973414937AA4006E244F /* ScEvent.m */; };
		5C4F973814937AA5006E244F /* ScYearlySchedule.m in Sources */ = {isa = PBXBuildFile; fileRef = 5C4F973714937AA5006E244F /* ScYearlySchedule.m */; };
		5C4F973B14937AA5006E244F /* ScEventInvitation.m in Sources */ = {isa = PBXBuildFile; fileRef = 5C4F973A14937AA5006E244F /* ScEventInvitation.m */; };
		5C4F973E14937AA5006E244F /* ScCachedEntity.m in Sources */ = {isa = PBXBuildFile; fileRef = 5C4F973D14937AA5006E244F /* ScCachedEntity.m */; };
		5C4F974114937AA5006E244F /* ScHousehold.m in Sources */ = {isa = PBXBuildFile; fileRef = 5C4F974014937AA5006E244F /* ScHousehold.m */; };
		5C4F974414937AA6006E244F /* ScParttimeHousehold.m in Sources */ = {isa = PBXBuildFile; fileRef = 5C4F974314937AA6006E244F /* ScParttimeHousehold.m */; };
		5C4F974714937AA6006E244F /* ScScheduledBreak.m in Sources */ = {isa = PBXBuildFile; fileRef = 5C4F974614937AA6006E244F /* ScScheduledBreak.m */; };
		5C4F974A14937AA6006E244F /* ScOrganisation.m in Sources */ = {isa = PBXBuildFile; fileRef = 5C4F974914937AA6006E244F /* ScOrganisation.m */; };
		5C4F975014937AA6006E244F /* ScExternalDocument.m in Sources */ = {isa = PBXBuildFile; fileRef = 5C4F974F14937AA6006E244F /* ScExternalDocument.m */; };
		5C4F975314937AA7006E244F /* ScScheduleItem.m in Sources */ = {isa = PBXBuildFile; fileRef = 5C4F975214937AA7006E244F /* ScScheduleItem.m */; };
		5C4F975614937AA7006E244F /* ScDocumentRepository.m in Sources */ = {isa = PBXBuildFile; fileRef = 5C4F975514937AA7006E244F /* ScDocumentRepository.m */; };
		5C4F975914937AA7006E244F /* ScMessageItem.m in Sources */ = {isa = PBXBuildFile; fileRef = 5C4F975814937AA7006E244F /* ScMessageItem.m */; };
		5C4F975C14937AA7006E244F /* ScMessageThread.m in Sources */ = {isa = PBXBuildFile; fileRef = 5C4F975B14937AA7006E244F /* ScMessageThread.m */; };
		5C4F975F14937AA8006E244F /* ScToDoAssignment.m in Sources */ = {isa = PBXBuildFile; fileRef = 5C4F975E14937AA8006E244F /* ScToDoAssignment.m */; };
		5C4F976214937AA8006E244F /* ScMessageBoard.m in Sources */ = {isa = PBXBuildFile; fileRef = 5C4F976114937AA8006E244F /* ScMessageBoard.m */; };
		5C4F976914952A31006E244F /* NSManagedObject+ScSerialisation.m in Sources */ = {isa = PBXBuildFile; fileRef = 5C4F976814952A31006E244F /* NSManagedObject+ScSerialisation.m */; };
		5C4F976C14954BD5006E244F /* NSEntityDescription+ScRemotePersistenceHelper.m in Sources */ = {isa = PBXBuildFile; fileRef = 5C4F976B14954BD5006E244F /* NSEntityDescription+ScRemotePersistenceHelper.m */; };
		5C4F976F14954DEC006E244F /* ScManagedObjectContext.m in Sources */ = {isa = PBXBuildFile; fileRef = 5C4F976E14954DEC006E244F /* ScManagedObjectContext.m */; };
		5C4F97751496AE36006E244F /* ScScola.m in Sources */ = {isa = PBXBuildFile; fileRef = 5C4F97741496AE34006E244F /* ScScola.m */; };
		5C4F97781496AE3B006E244F /* ScPerson.m in Sources */ = {isa = PBXBuildFile; fileRef = 5C4F97771496AE3A006E244F /* ScPerson.m */; };
		5C4F977B1496AF88006E244F /* NSURL+ScURLExtensions.m in Sources */ = {isa = PBXBuildFile; fileRef = 5C4F977A1496AF88006E244F /* NSURL+ScURLExtensions.m */; };
		5C71DDFF1482877D001D90C6 /* Localizable.strings in Resources */ = {isa = PBXBuildFile; fileRef = 5C71DE011482877D001D90C6 /* Localizable.strings */; };
		5C71DE0414829E02001D90C6 /* MainStoryboard_iPhone.storyboard in Resources */ = {isa = PBXBuildFile; fileRef = 5C71DE0514829E02001D90C6 /* MainStoryboard_iPhone.storyboard */; };
		5C88078F1484392B00ED5416 /* ScAddressViewController.m in Sources */ = {isa = PBXBuildFile; fileRef = 5C88078E1484392A00ED5416 /* ScAddressViewController.m */; };
		5CBB63B9146080DF00A9133A /* UIKit.framework in Frameworks */ = {isa = PBXBuildFile; fileRef = 5CBB63B8146080DF00A9133A /* UIKit.framework */; };
		5CBB63BB146080DF00A9133A /* Foundation.framework in Frameworks */ = {isa = PBXBuildFile; fileRef = 5CBB63BA146080DF00A9133A /* Foundation.framework */; };
		5CBB63BD146080DF00A9133A /* CoreGraphics.framework in Frameworks */ = {isa = PBXBuildFile; fileRef = 5CBB63BC146080DF00A9133A /* CoreGraphics.framework */; };
		5CBB63C3146080DF00A9133A /* InfoPlist.strings in Resources */ = {isa = PBXBuildFile; fileRef = 5CBB63C1146080DF00A9133A /* InfoPlist.strings */; };
		5CBB63C5146080DF00A9133A /* main.m in Sources */ = {isa = PBXBuildFile; fileRef = 5CBB63C4146080DF00A9133A /* main.m */; };
		5CBB63C9146080DF00A9133A /* ScAppDelegate.m in Sources */ = {isa = PBXBuildFile; fileRef = 5CBB63C8146080DF00A9133A /* ScAppDelegate.m */; };
		5CBB63CF146080DF00A9133A /* MainStoryboard_iPad.storyboard in Resources */ = {isa = PBXBuildFile; fileRef = 5CBB63CD146080DF00A9133A /* MainStoryboard_iPad.storyboard */; };
		5CBB63D2146080DF00A9133A /* ScAuthViewController.m in Sources */ = {isa = PBXBuildFile; fileRef = 5CBB63D1146080DF00A9133A /* ScAuthViewController.m */; };
		5CBB63DA146080E000A9133A /* SenTestingKit.framework in Frameworks */ = {isa = PBXBuildFile; fileRef = 5CBB63D9146080E000A9133A /* SenTestingKit.framework */; };
		5CBB63DB146080E000A9133A /* UIKit.framework in Frameworks */ = {isa = PBXBuildFile; fileRef = 5CBB63B8146080DF00A9133A /* UIKit.framework */; };
		5CBB63DC146080E000A9133A /* Foundation.framework in Frameworks */ = {isa = PBXBuildFile; fileRef = 5CBB63BA146080DF00A9133A /* Foundation.framework */; };
		5CBB63E4146080E000A9133A /* InfoPlist.strings in Resources */ = {isa = PBXBuildFile; fileRef = 5CBB63E2146080E000A9133A /* InfoPlist.strings */; };
		5CBB63E7146080E000A9133A /* ScolaAppTests.m in Sources */ = {isa = PBXBuildFile; fileRef = 5CBB63E6146080E000A9133A /* ScolaAppTests.m */; };
		5CBE9C5314AB5160004FE2B7 /* NSString+ScStringExtensions.m in Sources */ = {isa = PBXBuildFile; fileRef = 5CBE9C5214AB515F004FE2B7 /* NSString+ScStringExtensions.m */; };
		5CCF08BE1463F12A00D41AB0 /* AVFoundation.framework in Frameworks */ = {isa = PBXBuildFile; fileRef = 5CCF08BD1463F12A00D41AB0 /* AVFoundation.framework */; };
		5CCF08C414644E0800D41AB0 /* typewriter.caf in Resources */ = {isa = PBXBuildFile; fileRef = 5CCF08C314644E0800D41AB0 /* typewriter.caf */; };
		5CCF08FE1465D5D900D41AB0 /* Reachability.m in Sources */ = {isa = PBXBuildFile; fileRef = 5CCF08FD1465D5D900D41AB0 /* Reachability.m */; };
		5CCF09041465D91B00D41AB0 /* SystemConfiguration.framework in Frameworks */ = {isa = PBXBuildFile; fileRef = 5CCF09031465D91B00D41AB0 /* SystemConfiguration.framework */; };
		5CE987C114854FC6005A17C6 /* ScDateOfBirthViewController.m in Sources */ = {isa = PBXBuildFile; fileRef = 5CE987C014854FC6005A17C6 /* ScDateOfBirthViewController.m */; };
		5CE987C414856426005A17C6 /* ScRegisterScolaController.m in Sources */ = {isa = PBXBuildFile; fileRef = 5CE987C314856426005A17C6 /* ScRegisterScolaController.m */; };
/* End PBXBuildFile section */

/* Begin PBXContainerItemProxy section */
		5CBB63DD146080E000A9133A /* PBXContainerItemProxy */ = {
			isa = PBXContainerItemProxy;
			containerPortal = 5CBB63AB146080DD00A9133A /* Project object */;
			proxyType = 1;
			remoteGlobalIDString = 5CBB63B3146080DF00A9133A;
			remoteInfo = ScolaApp;
		};
/* End PBXContainerItemProxy section */

/* Begin PBXFileReference section */
		5C0D278D14AC75E400756A24 /* ScScolaMember.h */ = {isa = PBXFileReference; fileEncoding = 4; lastKnownFileType = sourcecode.c.h; path = ScScolaMember.h; sourceTree = "<group>"; };
		5C0D278E14AC75E400756A24 /* ScScolaMember.m */ = {isa = PBXFileReference; fileEncoding = 4; lastKnownFileType = sourcecode.c.objc; path = ScScolaMember.m; sourceTree = "<group>"; };
		5C0D279114AC75E500756A24 /* ScDevice.h */ = {isa = PBXFileReference; fileEncoding = 4; lastKnownFileType = sourcecode.c.h; path = ScDevice.h; sourceTree = "<group>"; };
		5C0D279214AC75E500756A24 /* ScDevice.m */ = {isa = PBXFileReference; fileEncoding = 4; lastKnownFileType = sourcecode.c.objc; path = ScDevice.m; sourceTree = "<group>"; };
		5C17435A14ABA3DC006B859B /* Settings.bundle */ = {isa = PBXFileReference; lastKnownFileType = "wrapper.plug-in"; path = Settings.bundle; sourceTree = "<group>"; };
		5C23431014812A3000164478 /* ScStrings.h */ = {isa = PBXFileReference; fileEncoding = 4; lastKnownFileType = sourcecode.c.h; path = ScStrings.h; sourceTree = "<group>"; };
		5C23431114812A3000164478 /* ScStrings.m */ = {isa = PBXFileReference; fileEncoding = 4; lastKnownFileType = sourcecode.c.objc; path = ScStrings.m; sourceTree = "<group>"; };
		5C2343141481544A00164478 /* ScJSONUtil.h */ = {isa = PBXFileReference; fileEncoding = 4; lastKnownFileType = sourcecode.c.h; path = ScJSONUtil.h; sourceTree = "<group>"; };
		5C2343151481544A00164478 /* ScJSONUtil.m */ = {isa = PBXFileReference; fileEncoding = 4; lastKnownFileType = sourcecode.c.objc; path = ScJSONUtil.m; sourceTree = "<group>"; };
		5C2E11121469CDE5005BDE61 /* ScServerConnection.h */ = {isa = PBXFileReference; fileEncoding = 4; lastKnownFileType = sourcecode.c.h; path = ScServerConnection.h; sourceTree = "<group>"; };
		5C2E11131469CDE5005BDE61 /* ScServerConnection.m */ = {isa = PBXFileReference; fileEncoding = 4; lastKnownFileType = sourcecode.c.objc; path = ScServerConnection.m; sourceTree = "<group>"; };
		5C2E1133146ACFA9005BDE61 /* ScServerConnectionDelegate.h */ = {isa = PBXFileReference; fileEncoding = 4; lastKnownFileType = sourcecode.c.h; path = ScServerConnectionDelegate.h; sourceTree = "<group>"; };
		5C36BE88146E9DA100DD3CEA /* ScAppEnv.h */ = {isa = PBXFileReference; fileEncoding = 4; lastKnownFileType = sourcecode.c.h; path = ScAppEnv.h; sourceTree = "<group>"; };
		5C36BE89146E9DA100DD3CEA /* ScAppEnv.m */ = {isa = PBXFileReference; fileEncoding = 4; lastKnownFileType = sourcecode.c.objc; path = ScAppEnv.m; sourceTree = "<group>"; };
		5C36BE9814704E6800DD3CEA /* CoreData.framework */ = {isa = PBXFileReference; lastKnownFileType = wrapper.framework; name = CoreData.framework; path = System/Library/Frameworks/CoreData.framework; sourceTree = SDKROOT; };
		5C36BE9B1470507700DD3CEA /* ScolaApp.xcdatamodel */ = {isa = PBXFileReference; lastKnownFileType = wrapper.xcdatamodel; path = ScolaApp.xcdatamodel; sourceTree = "<group>"; };
		5C3D42801485678E009A68E0 /* ScMainViewController.h */ = {isa = PBXFileReference; fileEncoding = 4; lastKnownFileType = sourcecode.c.h; path = ScMainViewController.h; sourceTree = "<group>"; };
		5C3D42811485678F009A68E0 /* ScMainViewController.m */ = {isa = PBXFileReference; fileEncoding = 4; lastKnownFileType = sourcecode.c.objc; path = ScMainViewController.m; sourceTree = "<group>"; };
		5C3E133114A39C8D0068967F /* dark-linen-640x960.png */ = {isa = PBXFileReference; lastKnownFileType = image.png; path = "dark-linen-640x960.png"; sourceTree = "<group>"; };
		5C4F971814937AA2006E244F /* ScToDoItem.h */ = {isa = PBXFileReference; fileEncoding = 4; lastKnownFileType = sourcecode.c.h; path = ScToDoItem.h; sourceTree = "<group>"; };
		5C4F971914937AA2006E244F /* ScToDoItem.m */ = {isa = PBXFileReference; fileEncoding = 4; lastKnownFileType = sourcecode.c.objc; path = ScToDoItem.m; sourceTree = "<group>"; };
		5C4F971B14937AA3006E244F /* ScOrganisationContact.h */ = {isa = PBXFileReference; fileEncoding = 4; lastKnownFileType = sourcecode.c.h; path = ScOrganisationContact.h; sourceTree = "<group>"; };
		5C4F971C14937AA3006E244F /* ScOrganisationContact.m */ = {isa = PBXFileReference; fileEncoding = 4; lastKnownFileType = sourcecode.c.objc; path = ScOrganisationContact.m; sourceTree = "<group>"; };
		5C4F972114937AA3006E244F /* ScEventInvitationScola.h */ = {isa = PBXFileReference; fileEncoding = 4; lastKnownFileType = sourcecode.c.h; path = ScEventInvitationScola.h; sourceTree = "<group>"; };
		5C4F972214937AA3006E244F /* ScEventInvitationScola.m */ = {isa = PBXFileReference; fileEncoding = 4; lastKnownFileType = sourcecode.c.objc; path = ScEventInvitationScola.m; sourceTree = "<group>"; };
		5C4F972414937AA3006E244F /* ScDocument.h */ = {isa = PBXFileReference; fileEncoding = 4; lastKnownFileType = sourcecode.c.h; path = ScDocument.h; sourceTree = "<group>"; };
		5C4F972514937AA3006E244F /* ScDocument.m */ = {isa = PBXFileReference; fileEncoding = 4; lastKnownFileType = sourcecode.c.objc; path = ScDocument.m; sourceTree = "<group>"; };
		5C4F972714937AA3006E244F /* ScDocumentElement.h */ = {isa = PBXFileReference; fileEncoding = 4; lastKnownFileType = sourcecode.c.h; path = ScDocumentElement.h; sourceTree = "<group>"; };
		5C4F972814937AA3006E244F /* ScDocumentElement.m */ = {isa = PBXFileReference; fileEncoding = 4; lastKnownFileType = sourcecode.c.objc; path = ScDocumentElement.m; sourceTree = "<group>"; };
		5C4F972A14937AA4006E244F /* ScCachedAddress.h */ = {isa = PBXFileReference; fileEncoding = 4; lastKnownFileType = sourcecode.c.h; path = ScCachedAddress.h; sourceTree = "<group>"; };
		5C4F972B14937AA4006E244F /* ScCachedAddress.m */ = {isa = PBXFileReference; fileEncoding = 4; lastKnownFileType = sourcecode.c.objc; path = ScCachedAddress.m; sourceTree = "<group>"; };
		5C4F973014937AA4006E244F /* ScScheduledAbsence.h */ = {isa = PBXFileReference; fileEncoding = 4; lastKnownFileType = sourcecode.c.h; path = ScScheduledAbsence.h; sourceTree = "<group>"; };
		5C4F973114937AA4006E244F /* ScScheduledAbsence.m */ = {isa = PBXFileReference; fileEncoding = 4; lastKnownFileType = sourcecode.c.objc; path = ScScheduledAbsence.m; sourceTree = "<group>"; };
		5C4F973314937AA4006E244F /* ScEvent.h */ = {isa = PBXFileReference; fileEncoding = 4; lastKnownFileType = sourcecode.c.h; path = ScEvent.h; sourceTree = "<group>"; };
		5C4F973414937AA4006E244F /* ScEvent.m */ = {isa = PBXFileReference; fileEncoding = 4; lastKnownFileType = sourcecode.c.objc; path = ScEvent.m; sourceTree = "<group>"; };
		5C4F973614937AA5006E244F /* ScYearlySchedule.h */ = {isa = PBXFileReference; fileEncoding = 4; lastKnownFileType = sourcecode.c.h; path = ScYearlySchedule.h; sourceTree = "<group>"; };
		5C4F973714937AA5006E244F /* ScYearlySchedule.m */ = {isa = PBXFileReference; fileEncoding = 4; lastKnownFileType = sourcecode.c.objc; path = ScYearlySchedule.m; sourceTree = "<group>"; };
		5C4F973914937AA5006E244F /* ScEventInvitation.h */ = {isa = PBXFileReference; fileEncoding = 4; lastKnownFileType = sourcecode.c.h; path = ScEventInvitation.h; sourceTree = "<group>"; };
		5C4F973A14937AA5006E244F /* ScEventInvitation.m */ = {isa = PBXFileReference; fileEncoding = 4; lastKnownFileType = sourcecode.c.objc; path = ScEventInvitation.m; sourceTree = "<group>"; };
		5C4F973C14937AA5006E244F /* ScCachedEntity.h */ = {isa = PBXFileReference; fileEncoding = 4; lastKnownFileType = sourcecode.c.h; path = ScCachedEntity.h; sourceTree = "<group>"; };
		5C4F973D14937AA5006E244F /* ScCachedEntity.m */ = {isa = PBXFileReference; fileEncoding = 4; lastKnownFileType = sourcecode.c.objc; path = ScCachedEntity.m; sourceTree = "<group>"; };
		5C4F973F14937AA5006E244F /* ScHousehold.h */ = {isa = PBXFileReference; fileEncoding = 4; lastKnownFileType = sourcecode.c.h; path = ScHousehold.h; sourceTree = "<group>"; };
		5C4F974014937AA5006E244F /* ScHousehold.m */ = {isa = PBXFileReference; fileEncoding = 4; lastKnownFileType = sourcecode.c.objc; path = ScHousehold.m; sourceTree = "<group>"; };
		5C4F974214937AA6006E244F /* ScParttimeHousehold.h */ = {isa = PBXFileReference; fileEncoding = 4; lastKnownFileType = sourcecode.c.h; path = ScParttimeHousehold.h; sourceTree = "<group>"; };
		5C4F974314937AA6006E244F /* ScParttimeHousehold.m */ = {isa = PBXFileReference; fileEncoding = 4; lastKnownFileType = sourcecode.c.objc; path = ScParttimeHousehold.m; sourceTree = "<group>"; };
		5C4F974514937AA6006E244F /* ScScheduledBreak.h */ = {isa = PBXFileReference; fileEncoding = 4; lastKnownFileType = sourcecode.c.h; path = ScScheduledBreak.h; sourceTree = "<group>"; };
		5C4F974614937AA6006E244F /* ScScheduledBreak.m */ = {isa = PBXFileReference; fileEncoding = 4; lastKnownFileType = sourcecode.c.objc; path = ScScheduledBreak.m; sourceTree = "<group>"; };
		5C4F974814937AA6006E244F /* ScOrganisation.h */ = {isa = PBXFileReference; fileEncoding = 4; lastKnownFileType = sourcecode.c.h; path = ScOrganisation.h; sourceTree = "<group>"; };
		5C4F974914937AA6006E244F /* ScOrganisation.m */ = {isa = PBXFileReference; fileEncoding = 4; lastKnownFileType = sourcecode.c.objc; path = ScOrganisation.m; sourceTree = "<group>"; };
		5C4F974E14937AA6006E244F /* ScExternalDocument.h */ = {isa = PBXFileReference; fileEncoding = 4; lastKnownFileType = sourcecode.c.h; path = ScExternalDocument.h; sourceTree = "<group>"; };
		5C4F974F14937AA6006E244F /* ScExternalDocument.m */ = {isa = PBXFileReference; fileEncoding = 4; lastKnownFileType = sourcecode.c.objc; path = ScExternalDocument.m; sourceTree = "<group>"; };
		5C4F975114937AA7006E244F /* ScScheduleItem.h */ = {isa = PBXFileReference; fileEncoding = 4; lastKnownFileType = sourcecode.c.h; path = ScScheduleItem.h; sourceTree = "<group>"; };
		5C4F975214937AA7006E244F /* ScScheduleItem.m */ = {isa = PBXFileReference; fileEncoding = 4; lastKnownFileType = sourcecode.c.objc; path = ScScheduleItem.m; sourceTree = "<group>"; };
		5C4F975414937AA7006E244F /* ScDocumentRepository.h */ = {isa = PBXFileReference; fileEncoding = 4; lastKnownFileType = sourcecode.c.h; path = ScDocumentRepository.h; sourceTree = "<group>"; };
		5C4F975514937AA7006E244F /* ScDocumentRepository.m */ = {isa = PBXFileReference; fileEncoding = 4; lastKnownFileType = sourcecode.c.objc; path = ScDocumentRepository.m; sourceTree = "<group>"; };
		5C4F975714937AA7006E244F /* ScMessageItem.h */ = {isa = PBXFileReference; fileEncoding = 4; lastKnownFileType = sourcecode.c.h; path = ScMessageItem.h; sourceTree = "<group>"; };
		5C4F975814937AA7006E244F /* ScMessageItem.m */ = {isa = PBXFileReference; fileEncoding = 4; lastKnownFileType = sourcecode.c.objc; path = ScMessageItem.m; sourceTree = "<group>"; };
		5C4F975A14937AA7006E244F /* ScMessageThread.h */ = {isa = PBXFileReference; fileEncoding = 4; lastKnownFileType = sourcecode.c.h; path = ScMessageThread.h; sourceTree = "<group>"; };
		5C4F975B14937AA7006E244F /* ScMessageThread.m */ = {isa = PBXFileReference; fileEncoding = 4; lastKnownFileType = sourcecode.c.objc; path = ScMessageThread.m; sourceTree = "<group>"; };
		5C4F975D14937AA8006E244F /* ScToDoAssignment.h */ = {isa = PBXFileReference; fileEncoding = 4; lastKnownFileType = sourcecode.c.h; path = ScToDoAssignment.h; sourceTree = "<group>"; };
		5C4F975E14937AA8006E244F /* ScToDoAssignment.m */ = {isa = PBXFileReference; fileEncoding = 4; lastKnownFileType = sourcecode.c.objc; path = ScToDoAssignment.m; sourceTree = "<group>"; };
		5C4F976014937AA8006E244F /* ScMessageBoard.h */ = {isa = PBXFileReference; fileEncoding = 4; lastKnownFileType = sourcecode.c.h; path = ScMessageBoard.h; sourceTree = "<group>"; };
		5C4F976114937AA8006E244F /* ScMessageBoard.m */ = {isa = PBXFileReference; fileEncoding = 4; lastKnownFileType = sourcecode.c.objc; path = ScMessageBoard.m; sourceTree = "<group>"; };
		5C4F976714952A31006E244F /* NSManagedObject+ScSerialisation.h */ = {isa = PBXFileReference; fileEncoding = 4; lastKnownFileType = sourcecode.c.h; path = "NSManagedObject+ScSerialisation.h"; sourceTree = "<group>"; };
		5C4F976814952A31006E244F /* NSManagedObject+ScSerialisation.m */ = {isa = PBXFileReference; fileEncoding = 4; lastKnownFileType = sourcecode.c.objc; path = "NSManagedObject+ScSerialisation.m"; sourceTree = "<group>"; };
		5C4F976A14954BD5006E244F /* NSEntityDescription+ScRemotePersistenceHelper.h */ = {isa = PBXFileReference; fileEncoding = 4; lastKnownFileType = sourcecode.c.h; path = "NSEntityDescription+ScRemotePersistenceHelper.h"; sourceTree = "<group>"; };
		5C4F976B14954BD5006E244F /* NSEntityDescription+ScRemotePersistenceHelper.m */ = {isa = PBXFileReference; fileEncoding = 4; lastKnownFileType = sourcecode.c.objc; path = "NSEntityDescription+ScRemotePersistenceHelper.m"; sourceTree = "<group>"; };
		5C4F976D14954DEC006E244F /* ScManagedObjectContext.h */ = {isa = PBXFileReference; fileEncoding = 4; lastKnownFileType = sourcecode.c.h; path = ScManagedObjectContext.h; sourceTree = "<group>"; };
		5C4F976E14954DEC006E244F /* ScManagedObjectContext.m */ = {isa = PBXFileReference; fileEncoding = 4; lastKnownFileType = sourcecode.c.objc; path = ScManagedObjectContext.m; sourceTree = "<group>"; };
		5C4F97731496AE31006E244F /* ScScola.h */ = {isa = PBXFileReference; fileEncoding = 4; lastKnownFileType = sourcecode.c.h; path = ScScola.h; sourceTree = "<group>"; };
		5C4F97741496AE34006E244F /* ScScola.m */ = {isa = PBXFileReference; fileEncoding = 4; lastKnownFileType = sourcecode.c.objc; path = ScScola.m; sourceTree = "<group>"; };
		5C4F97761496AE38006E244F /* ScPerson.h */ = {isa = PBXFileReference; fileEncoding = 4; lastKnownFileType = sourcecode.c.h; path = ScPerson.h; sourceTree = "<group>"; };
		5C4F97771496AE3A006E244F /* ScPerson.m */ = {isa = PBXFileReference; fileEncoding = 4; lastKnownFileType = sourcecode.c.objc; path = ScPerson.m; sourceTree = "<group>"; };
		5C4F97791496AF88006E244F /* NSURL+ScURLExtensions.h */ = {isa = PBXFileReference; fileEncoding = 4; lastKnownFileType = sourcecode.c.h; path = "NSURL+ScURLExtensions.h"; sourceTree = "<group>"; };
		5C4F977A1496AF88006E244F /* NSURL+ScURLExtensions.m */ = {isa = PBXFileReference; fileEncoding = 4; lastKnownFileType = sourcecode.c.objc; path = "NSURL+ScURLExtensions.m"; sourceTree = "<group>"; };
		5C71DE001482877D001D90C6 /* en */ = {isa = PBXFileReference; lastKnownFileType = text.plist.strings; name = en; path = en.lproj/Localizable.strings; sourceTree = "<group>"; };
		5C71DE03148287DE001D90C6 /* nb */ = {isa = PBXFileReference; lastKnownFileType = text.plist.strings; name = nb; path = nb.lproj/Localizable.strings; sourceTree = "<group>"; };
		5C71DE0514829E02001D90C6 /* MainStoryboard_iPhone.storyboard */ = {isa = PBXFileReference; lastKnownFileType = file.storyboard; path = MainStoryboard_iPhone.storyboard; sourceTree = "<group>"; };
		5C88078D1484392A00ED5416 /* ScAddressViewController.h */ = {isa = PBXFileReference; fileEncoding = 4; lastKnownFileType = sourcecode.c.h; path = ScAddressViewController.h; sourceTree = "<group>"; };
		5C88078E1484392A00ED5416 /* ScAddressViewController.m */ = {isa = PBXFileReference; fileEncoding = 4; lastKnownFileType = sourcecode.c.objc; path = ScAddressViewController.m; sourceTree = "<group>"; };
		5CBB63B4146080DF00A9133A /* ScolaApp.app */ = {isa = PBXFileReference; explicitFileType = wrapper.application; includeInIndex = 0; path = ScolaApp.app; sourceTree = BUILT_PRODUCTS_DIR; };
		5CBB63B8146080DF00A9133A /* UIKit.framework */ = {isa = PBXFileReference; lastKnownFileType = wrapper.framework; name = UIKit.framework; path = System/Library/Frameworks/UIKit.framework; sourceTree = SDKROOT; };
		5CBB63BA146080DF00A9133A /* Foundation.framework */ = {isa = PBXFileReference; lastKnownFileType = wrapper.framework; name = Foundation.framework; path = System/Library/Frameworks/Foundation.framework; sourceTree = SDKROOT; };
		5CBB63BC146080DF00A9133A /* CoreGraphics.framework */ = {isa = PBXFileReference; lastKnownFileType = wrapper.framework; name = CoreGraphics.framework; path = System/Library/Frameworks/CoreGraphics.framework; sourceTree = SDKROOT; };
		5CBB63C0146080DF00A9133A /* ScolaApp-Info.plist */ = {isa = PBXFileReference; lastKnownFileType = text.plist.xml; path = "ScolaApp-Info.plist"; sourceTree = "<group>"; };
		5CBB63C2146080DF00A9133A /* en */ = {isa = PBXFileReference; lastKnownFileType = text.plist.strings; name = en; path = en.lproj/InfoPlist.strings; sourceTree = "<group>"; };
		5CBB63C4146080DF00A9133A /* main.m */ = {isa = PBXFileReference; lastKnownFileType = sourcecode.c.objc; path = main.m; sourceTree = "<group>"; };
		5CBB63C6146080DF00A9133A /* ScolaApp-Prefix.pch */ = {isa = PBXFileReference; lastKnownFileType = sourcecode.c.h; path = "ScolaApp-Prefix.pch"; sourceTree = "<group>"; };
		5CBB63C7146080DF00A9133A /* ScAppDelegate.h */ = {isa = PBXFileReference; lastKnownFileType = sourcecode.c.h; path = ScAppDelegate.h; sourceTree = "<group>"; };
		5CBB63C8146080DF00A9133A /* ScAppDelegate.m */ = {isa = PBXFileReference; lastKnownFileType = sourcecode.c.objc; path = ScAppDelegate.m; sourceTree = "<group>"; };
		5CBB63CE146080DF00A9133A /* en */ = {isa = PBXFileReference; lastKnownFileType = file.storyboard; name = en; path = en.lproj/MainStoryboard_iPad.storyboard; sourceTree = "<group>"; };
		5CBB63D0146080DF00A9133A /* ScAuthViewController.h */ = {isa = PBXFileReference; lastKnownFileType = sourcecode.c.h; path = ScAuthViewController.h; sourceTree = "<group>"; };
		5CBB63D1146080DF00A9133A /* ScAuthViewController.m */ = {isa = PBXFileReference; lastKnownFileType = sourcecode.c.objc; path = ScAuthViewController.m; sourceTree = "<group>"; };
		5CBB63D8146080E000A9133A /* ScolaAppTests.octest */ = {isa = PBXFileReference; explicitFileType = wrapper.cfbundle; includeInIndex = 0; path = ScolaAppTests.octest; sourceTree = BUILT_PRODUCTS_DIR; };
		5CBB63D9146080E000A9133A /* SenTestingKit.framework */ = {isa = PBXFileReference; lastKnownFileType = wrapper.framework; name = SenTestingKit.framework; path = Library/Frameworks/SenTestingKit.framework; sourceTree = DEVELOPER_DIR; };
		5CBB63E1146080E000A9133A /* ScolaAppTests-Info.plist */ = {isa = PBXFileReference; lastKnownFileType = text.plist.xml; path = "ScolaAppTests-Info.plist"; sourceTree = "<group>"; };
		5CBB63E3146080E000A9133A /* en */ = {isa = PBXFileReference; lastKnownFileType = text.plist.strings; name = en; path = en.lproj/InfoPlist.strings; sourceTree = "<group>"; };
		5CBB63E5146080E000A9133A /* ScolaAppTests.h */ = {isa = PBXFileReference; lastKnownFileType = sourcecode.c.h; path = ScolaAppTests.h; sourceTree = "<group>"; };
		5CBB63E6146080E000A9133A /* ScolaAppTests.m */ = {isa = PBXFileReference; lastKnownFileType = sourcecode.c.objc; path = ScolaAppTests.m; sourceTree = "<group>"; };
		5CBE9C5114AB515F004FE2B7 /* NSString+ScStringExtensions.h */ = {isa = PBXFileReference; fileEncoding = 4; lastKnownFileType = sourcecode.c.h; path = "NSString+ScStringExtensions.h"; sourceTree = "<group>"; };
		5CBE9C5214AB515F004FE2B7 /* NSString+ScStringExtensions.m */ = {isa = PBXFileReference; fileEncoding = 4; lastKnownFileType = sourcecode.c.objc; path = "NSString+ScStringExtensions.m"; sourceTree = "<group>"; };
		5CCF08BD1463F12A00D41AB0 /* AVFoundation.framework */ = {isa = PBXFileReference; lastKnownFileType = wrapper.framework; name = AVFoundation.framework; path = System/Library/Frameworks/AVFoundation.framework; sourceTree = SDKROOT; };
		5CCF08C314644E0800D41AB0 /* typewriter.caf */ = {isa = PBXFileReference; lastKnownFileType = file; name = typewriter.caf; path = soundbites/typewriter.caf; sourceTree = SOURCE_ROOT; };
		5CCF08FC1465D5D800D41AB0 /* Reachability.h */ = {isa = PBXFileReference; fileEncoding = 4; lastKnownFileType = sourcecode.c.h; path = Reachability.h; sourceTree = "<group>"; };
		5CCF08FD1465D5D900D41AB0 /* Reachability.m */ = {isa = PBXFileReference; fileEncoding = 4; lastKnownFileType = sourcecode.c.objc; path = Reachability.m; sourceTree = "<group>"; };
		5CCF09031465D91B00D41AB0 /* SystemConfiguration.framework */ = {isa = PBXFileReference; lastKnownFileType = wrapper.framework; name = SystemConfiguration.framework; path = System/Library/Frameworks/SystemConfiguration.framework; sourceTree = SDKROOT; };
		5CCF09051466A0CB00D41AB0 /* ScLogging.h */ = {isa = PBXFileReference; fileEncoding = 4; lastKnownFileType = sourcecode.c.h; path = ScLogging.h; sourceTree = "<group>"; };
		5CE987BF14854FC6005A17C6 /* ScDateOfBirthViewController.h */ = {isa = PBXFileReference; fileEncoding = 4; lastKnownFileType = sourcecode.c.h; path = ScDateOfBirthViewController.h; sourceTree = "<group>"; };
		5CE987C014854FC6005A17C6 /* ScDateOfBirthViewController.m */ = {isa = PBXFileReference; fileEncoding = 4; lastKnownFileType = sourcecode.c.objc; path = ScDateOfBirthViewController.m; sourceTree = "<group>"; };
		5CE987C214856426005A17C6 /* ScRegisterScolaController.h */ = {isa = PBXFileReference; fileEncoding = 4; lastKnownFileType = sourcecode.c.h; path = ScRegisterScolaController.h; sourceTree = "<group>"; };
		5CE987C314856426005A17C6 /* ScRegisterScolaController.m */ = {isa = PBXFileReference; fileEncoding = 4; lastKnownFileType = sourcecode.c.objc; path = ScRegisterScolaController.m; sourceTree = "<group>"; };
/* End PBXFileReference section */

/* Begin PBXFrameworksBuildPhase section */
		5CBB63B1146080DF00A9133A /* Frameworks */ = {
			isa = PBXFrameworksBuildPhase;
			buildActionMask = 2147483647;
			files = (
				5C36BE9914704E6800DD3CEA /* CoreData.framework in Frameworks */,
				5CCF09041465D91B00D41AB0 /* SystemConfiguration.framework in Frameworks */,
				5CCF08BE1463F12A00D41AB0 /* AVFoundation.framework in Frameworks */,
				5CBB63B9146080DF00A9133A /* UIKit.framework in Frameworks */,
				5CBB63BB146080DF00A9133A /* Foundation.framework in Frameworks */,
				5CBB63BD146080DF00A9133A /* CoreGraphics.framework in Frameworks */,
			);
			runOnlyForDeploymentPostprocessing = 0;
		};
		5CBB63D4146080E000A9133A /* Frameworks */ = {
			isa = PBXFrameworksBuildPhase;
			buildActionMask = 2147483647;
			files = (
				5CBB63DA146080E000A9133A /* SenTestingKit.framework in Frameworks */,
				5CBB63DB146080E000A9133A /* UIKit.framework in Frameworks */,
				5CBB63DC146080E000A9133A /* Foundation.framework in Frameworks */,
			);
			runOnlyForDeploymentPostprocessing = 0;
		};
/* End PBXFrameworksBuildPhase section */

/* Begin PBXGroup section */
		5C276E7A1475B9A800A6C500 /* Media */ = {
			isa = PBXGroup;
			children = (
				5C3E133114A39C8D0068967F /* dark-linen-640x960.png */,
				5CCF08C314644E0800D41AB0 /* typewriter.caf */,
			);
			name = Media;
			sourceTree = "<group>";
		};
		5C36BEA51471A05700DD3CEA /* Model */ = {
			isa = PBXGroup;
			children = (
				5C36BE9A1470507700DD3CEA /* ScolaApp.xcdatamodeld */,
				5C4F972A14937AA4006E244F /* ScCachedAddress.h */,
				5C4F972B14937AA4006E244F /* ScCachedAddress.m */,
				5C4F973C14937AA5006E244F /* ScCachedEntity.h */,
				5C4F973D14937AA5006E244F /* ScCachedEntity.m */,
				5C0D279114AC75E500756A24 /* ScDevice.h */,
				5C0D279214AC75E500756A24 /* ScDevice.m */,
				5C4F972414937AA3006E244F /* ScDocument.h */,
				5C4F972514937AA3006E244F /* ScDocument.m */,
				5C4F972714937AA3006E244F /* ScDocumentElement.h */,
				5C4F972814937AA3006E244F /* ScDocumentElement.m */,
				5C4F975414937AA7006E244F /* ScDocumentRepository.h */,
				5C4F975514937AA7006E244F /* ScDocumentRepository.m */,
				5C4F973314937AA4006E244F /* ScEvent.h */,
				5C4F973414937AA4006E244F /* ScEvent.m */,
				5C4F973914937AA5006E244F /* ScEventInvitation.h */,
				5C4F973A14937AA5006E244F /* ScEventInvitation.m */,
				5C4F972114937AA3006E244F /* ScEventInvitationScola.h */,
				5C4F972214937AA3006E244F /* ScEventInvitationScola.m */,
				5C4F974E14937AA6006E244F /* ScExternalDocument.h */,
				5C4F974F14937AA6006E244F /* ScExternalDocument.m */,
				5C4F973F14937AA5006E244F /* ScHousehold.h */,
				5C4F974014937AA5006E244F /* ScHousehold.m */,
				5C4F976014937AA8006E244F /* ScMessageBoard.h */,
				5C4F976114937AA8006E244F /* ScMessageBoard.m */,
				5C4F975714937AA7006E244F /* ScMessageItem.h */,
				5C4F975814937AA7006E244F /* ScMessageItem.m */,
				5C4F975A14937AA7006E244F /* ScMessageThread.h */,
				5C4F975B14937AA7006E244F /* ScMessageThread.m */,
				5C4F974814937AA6006E244F /* ScOrganisation.h */,
				5C4F974914937AA6006E244F /* ScOrganisation.m */,
				5C4F971B14937AA3006E244F /* ScOrganisationContact.h */,
				5C4F971C14937AA3006E244F /* ScOrganisationContact.m */,
				5C4F974214937AA6006E244F /* ScParttimeHousehold.h */,
				5C4F974314937AA6006E244F /* ScParttimeHousehold.m */,
				5C4F97761496AE38006E244F /* ScPerson.h */,
				5C4F97771496AE3A006E244F /* ScPerson.m */,
				5C4F973014937AA4006E244F /* ScScheduledAbsence.h */,
				5C4F973114937AA4006E244F /* ScScheduledAbsence.m */,
				5C4F974514937AA6006E244F /* ScScheduledBreak.h */,
				5C4F974614937AA6006E244F /* ScScheduledBreak.m */,
				5C4F975114937AA7006E244F /* ScScheduleItem.h */,
				5C4F975214937AA7006E244F /* ScScheduleItem.m */,
				5C4F97731496AE31006E244F /* ScScola.h */,
				5C4F97741496AE34006E244F /* ScScola.m */,
				5C0D278D14AC75E400756A24 /* ScScolaMember.h */,
				5C0D278E14AC75E400756A24 /* ScScolaMember.m */,
				5C4F975D14937AA8006E244F /* ScToDoAssignment.h */,
				5C4F975E14937AA8006E244F /* ScToDoAssignment.m */,
				5C4F971814937AA2006E244F /* ScToDoItem.h */,
				5C4F971914937AA2006E244F /* ScToDoItem.m */,
				5C4F973614937AA5006E244F /* ScYearlySchedule.h */,
				5C4F973714937AA5006E244F /* ScYearlySchedule.m */,
			);
			name = Model;
			sourceTree = "<group>";
		};
		5C4F9766149529BF006E244F /* Categories & Extensions */ = {
			isa = PBXGroup;
			children = (
				5C4F976A14954BD5006E244F /* NSEntityDescription+ScRemotePersistenceHelper.h */,
				5C4F976B14954BD5006E244F /* NSEntityDescription+ScRemotePersistenceHelper.m */,
				5C4F976714952A31006E244F /* NSManagedObject+ScSerialisation.h */,
				5C4F976814952A31006E244F /* NSManagedObject+ScSerialisation.m */,
				5CBE9C5114AB515F004FE2B7 /* NSString+ScStringExtensions.h */,
				5CBE9C5214AB515F004FE2B7 /* NSString+ScStringExtensions.m */,
				5C4F97791496AF88006E244F /* NSURL+ScURLExtensions.h */,
				5C4F977A1496AF88006E244F /* NSURL+ScURLExtensions.m */,
				5C4F976D14954DEC006E244F /* ScManagedObjectContext.h */,
				5C4F976E14954DEC006E244F /* ScManagedObjectContext.m */,
			);
			name = "Categories & Extensions";
			sourceTree = "<group>";
		};
		5CB49DCC14881D16006EA2F8 /* Reachability */ = {
			isa = PBXGroup;
			children = (
				5CCF08FC1465D5D800D41AB0 /* Reachability.h */,
				5CCF08FD1465D5D900D41AB0 /* Reachability.m */,
			);
			name = Reachability;
			sourceTree = "<group>";
		};
		5CB49DCD14881E98006EA2F8 /* Protocols */ = {
			isa = PBXGroup;
			children = (
				5C2E1133146ACFA9005BDE61 /* ScServerConnectionDelegate.h */,
			);
			name = Protocols;
			sourceTree = "<group>";
		};
		5CB49DCE14881EC6006EA2F8 /* View Controllers */ = {
			isa = PBXGroup;
			children = (
				5C88078D1484392A00ED5416 /* ScAddressViewController.h */,
				5C88078E1484392A00ED5416 /* ScAddressViewController.m */,
				5CBB63D0146080DF00A9133A /* ScAuthViewController.h */,
				5CBB63D1146080DF00A9133A /* ScAuthViewController.m */,
				5CE987BF14854FC6005A17C6 /* ScDateOfBirthViewController.h */,
				5CE987C014854FC6005A17C6 /* ScDateOfBirthViewController.m */,
				5C3D42801485678E009A68E0 /* ScMainViewController.h */,
				5C3D42811485678F009A68E0 /* ScMainViewController.m */,
				5CE987C214856426005A17C6 /* ScRegisterScolaController.h */,
				5CE987C314856426005A17C6 /* ScRegisterScolaController.m */,
			);
			name = "View Controllers";
			sourceTree = "<group>";
		};
		5CB49DD014881F36006EA2F8 /* Utils */ = {
			isa = PBXGroup;
			children = (
				5C36BE88146E9DA100DD3CEA /* ScAppEnv.h */,
				5C36BE89146E9DA100DD3CEA /* ScAppEnv.m */,
				5C2343141481544A00164478 /* ScJSONUtil.h */,
				5C2343151481544A00164478 /* ScJSONUtil.m */,
				5CCF09051466A0CB00D41AB0 /* ScLogging.h */,
				5C2E11121469CDE5005BDE61 /* ScServerConnection.h */,
				5C2E11131469CDE5005BDE61 /* ScServerConnection.m */,
				5C23431014812A3000164478 /* ScStrings.h */,
				5C23431114812A3000164478 /* ScStrings.m */,
			);
			name = Utils;
			sourceTree = "<group>";
		};
		5CB49DD114882012006EA2F8 /* Third Party */ = {
			isa = PBXGroup;
			children = (
				5CB49DCC14881D16006EA2F8 /* Reachability */,
			);
			name = "Third Party";
			sourceTree = "<group>";
		};
		5CBB63A9146080DD00A9133A = {
			isa = PBXGroup;
			children = (
				5CBB63BE146080DF00A9133A /* ScolaApp */,
				5CBB63DF146080E000A9133A /* ScolaAppTests */,
				5CBB63B7146080DF00A9133A /* Frameworks */,
				5CBB63B5146080DF00A9133A /* Products */,
			);
			sourceTree = "<group>";
		};
		5CBB63B5146080DF00A9133A /* Products */ = {
			isa = PBXGroup;
			children = (
				5CBB63B4146080DF00A9133A /* ScolaApp.app */,
				5CBB63D8146080E000A9133A /* ScolaAppTests.octest */,
			);
			name = Products;
			sourceTree = "<group>";
		};
		5CBB63B7146080DF00A9133A /* Frameworks */ = {
			isa = PBXGroup;
			children = (
				5C36BE9814704E6800DD3CEA /* CoreData.framework */,
				5CCF09031465D91B00D41AB0 /* SystemConfiguration.framework */,
				5CCF08BD1463F12A00D41AB0 /* AVFoundation.framework */,
				5CBB63BC146080DF00A9133A /* CoreGraphics.framework */,
				5CBB63BA146080DF00A9133A /* Foundation.framework */,
				5CBB63B8146080DF00A9133A /* UIKit.framework */,
				5CBB63D9146080E000A9133A /* SenTestingKit.framework */,
			);
			name = Frameworks;
			sourceTree = "<group>";
		};
		5CBB63BE146080DF00A9133A /* ScolaApp */ = {
			isa = PBXGroup;
			children = (
				5CBB63CD146080DF00A9133A /* MainStoryboard_iPad.storyboard */,
				5C71DE0514829E02001D90C6 /* MainStoryboard_iPhone.storyboard */,
				5CBB63C7146080DF00A9133A /* ScAppDelegate.h */,
				5CBB63C8146080DF00A9133A /* ScAppDelegate.m */,
				5C4F9766149529BF006E244F /* Categories & Extensions */,
				5C36BEA51471A05700DD3CEA /* Model */,
				5CB49DCD14881E98006EA2F8 /* Protocols */,
				5CB49DD014881F36006EA2F8 /* Utils */,
				5CB49DCE14881EC6006EA2F8 /* View Controllers */,
				5CBB63BF146080DF00A9133A /* Supporting Files */,
				5CB49DD114882012006EA2F8 /* Third Party */,
			);
			path = ScolaApp;
			sourceTree = "<group>";
		};
		5CBB63BF146080DF00A9133A /* Supporting Files */ = {
			isa = PBXGroup;
			children = (
				5CBB63C0146080DF00A9133A /* ScolaApp-Info.plist */,
				5CBB63C1146080DF00A9133A /* InfoPlist.strings */,
				5CBB63C4146080DF00A9133A /* main.m */,
				5CBB63C6146080DF00A9133A /* ScolaApp-Prefix.pch */,
				5C17435A14ABA3DC006B859B /* Settings.bundle */,
				5C71DE011482877D001D90C6 /* Localizable.strings */,
				5C276E7A1475B9A800A6C500 /* Media */,
			);
			name = "Supporting Files";
			sourceTree = "<group>";
		};
		5CBB63DF146080E000A9133A /* ScolaAppTests */ = {
			isa = PBXGroup;
			children = (
				5CBB63E5146080E000A9133A /* ScolaAppTests.h */,
				5CBB63E6146080E000A9133A /* ScolaAppTests.m */,
				5CBB63E0146080E000A9133A /* Supporting Files */,
			);
			path = ScolaAppTests;
			sourceTree = "<group>";
		};
		5CBB63E0146080E000A9133A /* Supporting Files */ = {
			isa = PBXGroup;
			children = (
				5CBB63E1146080E000A9133A /* ScolaAppTests-Info.plist */,
				5CBB63E2146080E000A9133A /* InfoPlist.strings */,
			);
			name = "Supporting Files";
			sourceTree = "<group>";
		};
/* End PBXGroup section */

/* Begin PBXNativeTarget section */
		5CBB63B3146080DF00A9133A /* ScolaApp */ = {
			isa = PBXNativeTarget;
			buildConfigurationList = 5CBB63EA146080E000A9133A /* Build configuration list for PBXNativeTarget "ScolaApp" */;
			buildPhases = (
				5CBB63B0146080DF00A9133A /* Sources */,
				5CBB63B1146080DF00A9133A /* Frameworks */,
				5CBB63B2146080DF00A9133A /* Resources */,
			);
			buildRules = (
			);
			dependencies = (
			);
			name = ScolaApp;
			productName = ScolaApp;
			productReference = 5CBB63B4146080DF00A9133A /* ScolaApp.app */;
			productType = "com.apple.product-type.application";
		};
		5CBB63D7146080E000A9133A /* ScolaAppTests */ = {
			isa = PBXNativeTarget;
			buildConfigurationList = 5CBB63ED146080E000A9133A /* Build configuration list for PBXNativeTarget "ScolaAppTests" */;
			buildPhases = (
				5CBB63D3146080E000A9133A /* Sources */,
				5CBB63D4146080E000A9133A /* Frameworks */,
				5CBB63D5146080E000A9133A /* Resources */,
				5CBB63D6146080E000A9133A /* ShellScript */,
			);
			buildRules = (
			);
			dependencies = (
				5CBB63DE146080E000A9133A /* PBXTargetDependency */,
			);
			name = ScolaAppTests;
			productName = ScolaAppTests;
			productReference = 5CBB63D8146080E000A9133A /* ScolaAppTests.octest */;
			productType = "com.apple.product-type.bundle";
		};
/* End PBXNativeTarget section */

/* Begin PBXProject section */
		5CBB63AB146080DD00A9133A /* Project object */ = {
			isa = PBXProject;
			attributes = {
				LastUpgradeCheck = 0420;
				ORGANIZATIONNAME = "Rhelba Software";
			};
			buildConfigurationList = 5CBB63AE146080DD00A9133A /* Build configuration list for PBXProject "ScolaApp" */;
			compatibilityVersion = "Xcode 3.2";
			developmentRegion = English;
			hasScannedForEncodings = 0;
			knownRegions = (
				en,
				nb,
				de,
				fr,
				es,
				sv,
				da,
			);
			mainGroup = 5CBB63A9146080DD00A9133A;
			productRefGroup = 5CBB63B5146080DF00A9133A /* Products */;
			projectDirPath = "";
			projectRoot = "";
			targets = (
				5CBB63B3146080DF00A9133A /* ScolaApp */,
				5CBB63D7146080E000A9133A /* ScolaAppTests */,
			);
		};
/* End PBXProject section */

/* Begin PBXResourcesBuildPhase section */
		5CBB63B2146080DF00A9133A /* Resources */ = {
			isa = PBXResourcesBuildPhase;
			buildActionMask = 2147483647;
			files = (
				5CBB63C3146080DF00A9133A /* InfoPlist.strings in Resources */,
				5C71DE0414829E02001D90C6 /* MainStoryboard_iPhone.storyboard in Resources */,
				5CBB63CF146080DF00A9133A /* MainStoryboard_iPad.storyboard in Resources */,
				5CCF08C414644E0800D41AB0 /* typewriter.caf in Resources */,
				5C71DDFF1482877D001D90C6 /* Localizable.strings in Resources */,
				5C3E133214A39C8D0068967F /* dark-linen-640x960.png in Resources */,
				5C17435B14ABA3DC006B859B /* Settings.bundle in Resources */,
			);
			runOnlyForDeploymentPostprocessing = 0;
		};
		5CBB63D5146080E000A9133A /* Resources */ = {
			isa = PBXResourcesBuildPhase;
			buildActionMask = 2147483647;
			files = (
				5CBB63E4146080E000A9133A /* InfoPlist.strings in Resources */,
			);
			runOnlyForDeploymentPostprocessing = 0;
		};
/* End PBXResourcesBuildPhase section */

/* Begin PBXShellScriptBuildPhase section */
		5CBB63D6146080E000A9133A /* ShellScript */ = {
			isa = PBXShellScriptBuildPhase;
			buildActionMask = 2147483647;
			files = (
			);
			inputPaths = (
			);
			outputPaths = (
			);
			runOnlyForDeploymentPostprocessing = 0;
			shellPath = /bin/sh;
			shellScript = "# Run the unit tests in this test bundle.\n\"${SYSTEM_DEVELOPER_DIR}/Tools/RunUnitTests\"\n";
		};
/* End PBXShellScriptBuildPhase section */

/* Begin PBXSourcesBuildPhase section */
		5CBB63B0146080DF00A9133A /* Sources */ = {
			isa = PBXSourcesBuildPhase;
			buildActionMask = 2147483647;
			files = (
				5CBB63C5146080DF00A9133A /* main.m in Sources */,
				5CBB63C9146080DF00A9133A /* ScAppDelegate.m in Sources */,
				5CBB63D2146080DF00A9133A /* ScAuthViewController.m in Sources */,
				5CCF08FE1465D5D900D41AB0 /* Reachability.m in Sources */,
				5C2E11141469CDE5005BDE61 /* ScServerConnection.m in Sources */,
				5C36BE8A146E9DA100DD3CEA /* ScAppEnv.m in Sources */,
				5C36BE9C1470507700DD3CEA /* ScolaApp.xcdatamodeld in Sources */,
				5C23431214812A3100164478 /* ScStrings.m in Sources */,
				5C2343161481544A00164478 /* ScJSONUtil.m in Sources */,
				5C88078F1484392B00ED5416 /* ScAddressViewController.m in Sources */,
				5CE987C114854FC6005A17C6 /* ScDateOfBirthViewController.m in Sources */,
				5CE987C414856426005A17C6 /* ScRegisterScolaController.m in Sources */,
				5C3D42821485678F009A68E0 /* ScMainViewController.m in Sources */,
				5C4F971A14937AA2006E244F /* ScToDoItem.m in Sources */,
				5C4F971D14937AA3006E244F /* ScOrganisationContact.m in Sources */,
				5C4F972314937AA3006E244F /* ScEventInvitationScola.m in Sources */,
				5C4F972614937AA3006E244F /* ScDocument.m in Sources */,
				5C4F972914937AA3006E244F /* ScDocumentElement.m in Sources */,
				5C4F972C14937AA4006E244F /* ScCachedAddress.m in Sources */,
				5C4F973214937AA4006E244F /* ScScheduledAbsence.m in Sources */,
				5C4F973514937AA4006E244F /* ScEvent.m in Sources */,
				5C4F973814937AA5006E244F /* ScYearlySchedule.m in Sources */,
				5C4F973B14937AA5006E244F /* ScEventInvitation.m in Sources */,
				5C4F973E14937AA5006E244F /* ScCachedEntity.m in Sources */,
				5C4F974114937AA5006E244F /* ScHousehold.m in Sources */,
				5C4F974414937AA6006E244F /* ScParttimeHousehold.m in Sources */,
				5C4F974714937AA6006E244F /* ScScheduledBreak.m in Sources */,
				5C4F974A14937AA6006E244F /* ScOrganisation.m in Sources */,
				5C4F975014937AA6006E244F /* ScExternalDocument.m in Sources */,
				5C4F975314937AA7006E244F /* ScScheduleItem.m in Sources */,
				5C4F975614937AA7006E244F /* ScDocumentRepository.m in Sources */,
				5C4F975914937AA7006E244F /* ScMessageItem.m in Sources */,
				5C4F975C14937AA7006E244F /* ScMessageThread.m in Sources */,
				5C4F975F14937AA8006E244F /* ScToDoAssignment.m in Sources */,
				5C4F976214937AA8006E244F /* ScMessageBoard.m in Sources */,
				5C4F976914952A31006E244F /* NSManagedObject+ScSerialisation.m in Sources */,
				5C4F976C14954BD5006E244F /* NSEntityDescription+ScRemotePersistenceHelper.m in Sources */,
				5C4F976F14954DEC006E244F /* ScManagedObjectContext.m in Sources */,
				5C4F97751496AE36006E244F /* ScScola.m in Sources */,
				5C4F97781496AE3B006E244F /* ScPerson.m in Sources */,
				5C4F977B1496AF88006E244F /* NSURL+ScURLExtensions.m in Sources */,
				5CBE9C5314AB5160004FE2B7 /* NSString+ScStringExtensions.m in Sources */,
				5C0D278F14AC75E400756A24 /* ScScolaMember.m in Sources */,
				5C0D279314AC75E500756A24 /* ScDevice.m in Sources */,
			);
			runOnlyForDeploymentPostprocessing = 0;
		};
		5CBB63D3146080E000A9133A /* Sources */ = {
			isa = PBXSourcesBuildPhase;
			buildActionMask = 2147483647;
			files = (
				5CBB63E7146080E000A9133A /* ScolaAppTests.m in Sources */,
			);
			runOnlyForDeploymentPostprocessing = 0;
		};
/* End PBXSourcesBuildPhase section */

/* Begin PBXTargetDependency section */
		5CBB63DE146080E000A9133A /* PBXTargetDependency */ = {
			isa = PBXTargetDependency;
			target = 5CBB63B3146080DF00A9133A /* ScolaApp */;
			targetProxy = 5CBB63DD146080E000A9133A /* PBXContainerItemProxy */;
		};
/* End PBXTargetDependency section */

/* Begin PBXVariantGroup section */
		5C71DE011482877D001D90C6 /* Localizable.strings */ = {
			isa = PBXVariantGroup;
			children = (
				5C71DE001482877D001D90C6 /* en */,
				5C71DE03148287DE001D90C6 /* nb */,
			);
			name = Localizable.strings;
			sourceTree = "<group>";
		};
		5CBB63C1146080DF00A9133A /* InfoPlist.strings */ = {
			isa = PBXVariantGroup;
			children = (
				5CBB63C2146080DF00A9133A /* en */,
			);
			name = InfoPlist.strings;
			sourceTree = "<group>";
		};
		5CBB63CD146080DF00A9133A /* MainStoryboard_iPad.storyboard */ = {
			isa = PBXVariantGroup;
			children = (
				5CBB63CE146080DF00A9133A /* en */,
			);
			name = MainStoryboard_iPad.storyboard;
			sourceTree = "<group>";
		};
		5CBB63E2146080E000A9133A /* InfoPlist.strings */ = {
			isa = PBXVariantGroup;
			children = (
				5CBB63E3146080E000A9133A /* en */,
			);
			name = InfoPlist.strings;
			sourceTree = "<group>";
		};
/* End PBXVariantGroup section */

/* Begin XCBuildConfiguration section */
		5CBB63E8146080E000A9133A /* Debug */ = {
			isa = XCBuildConfiguration;
			buildSettings = {
				ALWAYS_SEARCH_USER_PATHS = NO;
				ARCHS = "$(ARCHS_STANDARD_32_BIT)";
				CLANG_ENABLE_OBJC_ARC = YES;
				"CODE_SIGN_IDENTITY[sdk=iphoneos*]" = "iPhone Developer";
				COPY_PHASE_STRIP = NO;
				GCC_C_LANGUAGE_STANDARD = gnu99;
				GCC_DYNAMIC_NO_PIC = NO;
				GCC_OPTIMIZATION_LEVEL = 0;
				GCC_PREPROCESSOR_DEFINITIONS = (
					"DEBUG=1",
					"$(inherited)",
				);
				GCC_SYMBOLS_PRIVATE_EXTERN = NO;
				GCC_VERSION = com.apple.compilers.llvm.clang.1_0;
				GCC_WARN_ABOUT_MISSING_PROTOTYPES = YES;
				GCC_WARN_ABOUT_RETURN_TYPE = YES;
				GCC_WARN_UNUSED_VARIABLE = YES;
				IPHONEOS_DEPLOYMENT_TARGET = 5.0;
				SDKROOT = iphoneos;
				TARGETED_DEVICE_FAMILY = "1,2";
			};
			name = Debug;
		};
		5CBB63E9146080E000A9133A /* Release */ = {
			isa = XCBuildConfiguration;
			buildSettings = {
				ALWAYS_SEARCH_USER_PATHS = NO;
				ARCHS = "$(ARCHS_STANDARD_32_BIT)";
				CLANG_ENABLE_OBJC_ARC = YES;
				"CODE_SIGN_IDENTITY[sdk=iphoneos*]" = "iPhone Developer";
				COPY_PHASE_STRIP = YES;
				GCC_C_LANGUAGE_STANDARD = gnu99;
				GCC_VERSION = com.apple.compilers.llvm.clang.1_0;
				GCC_WARN_ABOUT_MISSING_PROTOTYPES = YES;
				GCC_WARN_ABOUT_RETURN_TYPE = YES;
				GCC_WARN_UNUSED_VARIABLE = YES;
				IPHONEOS_DEPLOYMENT_TARGET = 5.0;
				OTHER_CFLAGS = "-DNS_BLOCK_ASSERTIONS=1";
				SDKROOT = iphoneos;
				TARGETED_DEVICE_FAMILY = "1,2";
				VALIDATE_PRODUCT = YES;
			};
			name = Release;
		};
		5CBB63EB146080E000A9133A /* Debug */ = {
			isa = XCBuildConfiguration;
			buildSettings = {
				GCC_PRECOMPILE_PREFIX_HEADER = YES;
				GCC_PREFIX_HEADER = "ScolaApp/ScolaApp-Prefix.pch";
				INFOPLIST_FILE = "ScolaApp/ScolaApp-Info.plist";
				PRODUCT_NAME = "$(TARGET_NAME)";
				WRAPPER_EXTENSION = app;
			};
			name = Debug;
		};
		5CBB63EC146080E000A9133A /* Release */ = {
			isa = XCBuildConfiguration;
			buildSettings = {
				GCC_PRECOMPILE_PREFIX_HEADER = YES;
				GCC_PREFIX_HEADER = "ScolaApp/ScolaApp-Prefix.pch";
				INFOPLIST_FILE = "ScolaApp/ScolaApp-Info.plist";
				PRODUCT_NAME = "$(TARGET_NAME)";
				WRAPPER_EXTENSION = app;
			};
			name = Release;
		};
		5CBB63EE146080E000A9133A /* Debug */ = {
			isa = XCBuildConfiguration;
			buildSettings = {
				BUNDLE_LOADER = "$(BUILT_PRODUCTS_DIR)/ScolaApp.app/ScolaApp";
				FRAMEWORK_SEARCH_PATHS = (
					"$(SDKROOT)/Developer/Library/Frameworks",
					"$(DEVELOPER_LIBRARY_DIR)/Frameworks",
				);
				GCC_PRECOMPILE_PREFIX_HEADER = YES;
				GCC_PREFIX_HEADER = "ScolaApp/ScolaApp-Prefix.pch";
				INFOPLIST_FILE = "ScolaAppTests/ScolaAppTests-Info.plist";
				PRODUCT_NAME = "$(TARGET_NAME)";
				TEST_HOST = "$(BUNDLE_LOADER)";
				WRAPPER_EXTENSION = octest;
			};
			name = Debug;
		};
		5CBB63EF146080E000A9133A /* Release */ = {
			isa = XCBuildConfiguration;
			buildSettings = {
				BUNDLE_LOADER = "$(BUILT_PRODUCTS_DIR)/ScolaApp.app/ScolaApp";
				FRAMEWORK_SEARCH_PATHS = (
					"$(SDKROOT)/Developer/Library/Frameworks",
					"$(DEVELOPER_LIBRARY_DIR)/Frameworks",
				);
				GCC_PRECOMPILE_PREFIX_HEADER = YES;
				GCC_PREFIX_HEADER = "ScolaApp/ScolaApp-Prefix.pch";
				INFOPLIST_FILE = "ScolaAppTests/ScolaAppTests-Info.plist";
				PRODUCT_NAME = "$(TARGET_NAME)";
				TEST_HOST = "$(BUNDLE_LOADER)";
				WRAPPER_EXTENSION = octest;
			};
			name = Release;
		};
/* End XCBuildConfiguration section */

/* Begin XCConfigurationList section */
		5CBB63AE146080DD00A9133A /* Build configuration list for PBXProject "ScolaApp" */ = {
			isa = XCConfigurationList;
			buildConfigurations = (
				5CBB63E8146080E000A9133A /* Debug */,
				5CBB63E9146080E000A9133A /* Release */,
			);
			defaultConfigurationIsVisible = 0;
			defaultConfigurationName = Release;
		};
		5CBB63EA146080E000A9133A /* Build configuration list for PBXNativeTarget "ScolaApp" */ = {
			isa = XCConfigurationList;
			buildConfigurations = (
				5CBB63EB146080E000A9133A /* Debug */,
				5CBB63EC146080E000A9133A /* Release */,
			);
			defaultConfigurationIsVisible = 0;
			defaultConfigurationName = Release;
		};
		5CBB63ED146080E000A9133A /* Build configuration list for PBXNativeTarget "ScolaAppTests" */ = {
			isa = XCConfigurationList;
			buildConfigurations = (
				5CBB63EE146080E000A9133A /* Debug */,
				5CBB63EF146080E000A9133A /* Release */,
			);
			defaultConfigurationIsVisible = 0;
			defaultConfigurationName = Release;
		};
/* End XCConfigurationList section */

/* Begin XCVersionGroup section */
		5C36BE9A1470507700DD3CEA /* ScolaApp.xcdatamodeld */ = {
			isa = XCVersionGroup;
			children = (
				5C36BE9B1470507700DD3CEA /* ScolaApp.xcdatamodel */,
			);
			currentVersion = 5C36BE9B1470507700DD3CEA /* ScolaApp.xcdatamodel */;
			path = ScolaApp.xcdatamodeld;
			sourceTree = "<group>";
			versionGroupType = wrapper.xcdatamodel;
		};
/* End XCVersionGroup section */
	};
	rootObject = 5CBB63AB146080DD00A9133A /* Project object */;
}
