// !$*UTF8*$!
{
	archiveVersion = 1;
	classes = {
	};
	objectVersion = 46;
	objects = {

/* Begin PBXBuildFile section */
		5C014A2415CA77320040A1D9 /* OAlert.m in Sources */ = {isa = PBXBuildFile; fileRef = 5C014A2315CA77310040A1D9 /* OAlert.m */; };
		5C15BFB016350CB300BB5254 /* glyphicons_003_user.png in Resources */ = {isa = PBXBuildFile; fileRef = 5C15BFAE16350CB300BB5254 /* glyphicons_003_user.png */; };
		5C15BFB116350CB300BB5254 /* glyphicons_003_user@2x.png in Resources */ = {isa = PBXBuildFile; fileRef = 5C15BFAF16350CB300BB5254 /* glyphicons_003_user@2x.png */; };
		5C15BFB516350CCE00BB5254 /* glyphicons_035_woman.png in Resources */ = {isa = PBXBuildFile; fileRef = 5C15BFB316350CCE00BB5254 /* glyphicons_035_woman.png */; };
		5C15BFB616350CCE00BB5254 /* glyphicons_035_woman@2x.png in Resources */ = {isa = PBXBuildFile; fileRef = 5C15BFB416350CCE00BB5254 /* glyphicons_035_woman@2x.png */; };
		5C15BFB916350FEE00BB5254 /* glyphicons_004_girl.png in Resources */ = {isa = PBXBuildFile; fileRef = 5C15BFB716350FEE00BB5254 /* glyphicons_004_girl.png */; };
		5C15BFBA16350FEE00BB5254 /* glyphicons_004_girl@2x.png in Resources */ = {isa = PBXBuildFile; fileRef = 5C15BFB816350FEE00BB5254 /* glyphicons_004_girl@2x.png */; };
		5C15BFC51635181C00BB5254 /* 10-arrows-in.png in Resources */ = {isa = PBXBuildFile; fileRef = 5C15BFC31635181C00BB5254 /* 10-arrows-in.png */; };
		5C15BFC61635181C00BB5254 /* 10-arrows-in@2x.png in Resources */ = {isa = PBXBuildFile; fileRef = 5C15BFC41635181C00BB5254 /* 10-arrows-in@2x.png */; };
		5C15BFC916367BCA00BB5254 /* OTabBarController.m in Sources */ = {isa = PBXBuildFile; fileRef = 5C15BFC816367BC900BB5254 /* OTabBarController.m */; };
		5C15BFDF163805AE00BB5254 /* 10-arrows-in_black.png in Resources */ = {isa = PBXBuildFile; fileRef = 5C15BFDD163805AD00BB5254 /* 10-arrows-in_black.png */; };
		5C15BFE0163805AE00BB5254 /* 10-arrows-in_black@2x.png in Resources */ = {isa = PBXBuildFile; fileRef = 5C15BFDE163805AE00BB5254 /* 10-arrows-in_black@2x.png */; };
		5C15BFF216385AB700BB5254 /* 76-baby_black@2x.png in Resources */ = {isa = PBXBuildFile; fileRef = 5C15BFF116385AB600BB5254 /* 76-baby_black@2x.png */; };
		5C15BFF516385D4800BB5254 /* glyphicons_020_home.png in Resources */ = {isa = PBXBuildFile; fileRef = 5C15BFF316385D4800BB5254 /* glyphicons_020_home.png */; };
		5C15BFF616385D4800BB5254 /* glyphicons_020_home@2x.png in Resources */ = {isa = PBXBuildFile; fileRef = 5C15BFF416385D4800BB5254 /* glyphicons_020_home@2x.png */; };
		5C15BFF916386C6100BB5254 /* glyphicons_004_girl-as_boy.png in Resources */ = {isa = PBXBuildFile; fileRef = 5C15BFF716386C6000BB5254 /* glyphicons_004_girl-as_boy.png */; };
		5C15BFFA16386C6100BB5254 /* glyphicons_004_girl-as_boy@2x.png in Resources */ = {isa = PBXBuildFile; fileRef = 5C15BFF816386C6000BB5254 /* glyphicons_004_girl-as_boy@2x.png */; };
		5C15BFFE1638815300BB5254 /* 76-baby_black.png in Resources */ = {isa = PBXBuildFile; fileRef = 5C15BFFD1638815300BB5254 /* 76-baby_black.png */; };
		5C198B7316D76344002D3976 /* OTableViewCellBlueprint.m in Sources */ = {isa = PBXBuildFile; fileRef = 5C198B7216D76343002D3976 /* OTableViewCellBlueprint.m */; };
		5C198B7616DB9101002D3976 /* OOrigo.m in Sources */ = {isa = PBXBuildFile; fileRef = 5C198B7516DB9101002D3976 /* OOrigo.m */; };
		5C1A81BD1645CE22003DCCAF /* UIBarButtonItem+OrigoExtensions.m in Sources */ = {isa = PBXBuildFile; fileRef = 5C1A81BC1645CE22003DCCAF /* UIBarButtonItem+OrigoExtensions.m */; };
		5C2262C415A0B47B00241C5F /* OOrigoViewController.m in Sources */ = {isa = PBXBuildFile; fileRef = 5C2262C315A0B47B00241C5F /* OOrigoViewController.m */; };
		5C23431214812A3100164478 /* OStrings.m in Sources */ = {isa = PBXBuildFile; fileRef = 5C23431114812A3000164478 /* OStrings.m */; };
		5C26291E158F27860012A74A /* OAuthViewController.m in Sources */ = {isa = PBXBuildFile; fileRef = 5C26291D158F27860012A74A /* OAuthViewController.m */; };
		5C2E11141469CDE5005BDE61 /* OServerConnection.m in Sources */ = {isa = PBXBuildFile; fileRef = 5C2E11131469CDE5005BDE61 /* OServerConnection.m */; };
		5C2E6B7E15A8501800638330 /* OMembership+OrigoExtensions.m in Sources */ = {isa = PBXBuildFile; fileRef = 5C2E6B7D15A8501800638330 /* OMembership+OrigoExtensions.m */; };
		5C3374831563FBE200DEF67D /* OMember+OrigoExtensions.m in Sources */ = {isa = PBXBuildFile; fileRef = 5C3374821563FBE200DEF67D /* OMember+OrigoExtensions.m */; };
		5C36BE8A146E9DA100DD3CEA /* OMeta.m in Sources */ = {isa = PBXBuildFile; fileRef = 5C36BE89146E9DA100DD3CEA /* OMeta.m */; };
		5C36BE9914704E6800DD3CEA /* CoreData.framework in Frameworks */ = {isa = PBXBuildFile; fileRef = 5C36BE9814704E6800DD3CEA /* CoreData.framework */; settings = {ATTRIBUTES = (Required, ); }; };
		5C36BE9C1470507700DD3CEA /* OrigoApp.xcdatamodeld in Sources */ = {isa = PBXBuildFile; fileRef = 5C36BE9A1470507700DD3CEA /* OrigoApp.xcdatamodeld */; };
		5C3A319614C61378001A783E /* dark_linen-640x960.png in Resources */ = {isa = PBXBuildFile; fileRef = 5C3A319514C61378001A783E /* dark_linen-640x960.png */; };
		5C3C665C14F56D6800514C57 /* OUUIDGenerator.m in Sources */ = {isa = PBXBuildFile; fileRef = 5C3C665B14F56D6800514C57 /* OUUIDGenerator.m */; };
		5C3D42821485678F009A68E0 /* OOrigoListViewController.m in Sources */ = {isa = PBXBuildFile; fileRef = 5C3D42811485678F009A68E0 /* OOrigoListViewController.m */; };
		5C47155116E2231C000D8A86 /* OEntityReplicator.m in Sources */ = {isa = PBXBuildFile; fileRef = 5C47155016E2231C000D8A86 /* OEntityReplicator.m */; };
		5C4955F6157D469000F2A885 /* UIColor+OrigoExtensions.m in Sources */ = {isa = PBXBuildFile; fileRef = 5C4955F5157D469000F2A885 /* UIColor+OrigoExtensions.m */; };
		5C4F977B1496AF88006E244F /* NSURL+OrigoExtensions.m in Sources */ = {isa = PBXBuildFile; fileRef = 5C4F977A1496AF88006E244F /* NSURL+OrigoExtensions.m */; };
		5C50581814CA1D05000D6587 /* QuartzCore.framework in Frameworks */ = {isa = PBXBuildFile; fileRef = 5C50581714CA1D05000D6587 /* QuartzCore.framework */; };
		5C50581C14CAEC76000D6587 /* UIView+OrigoExtensions.m in Sources */ = {isa = PBXBuildFile; fileRef = 5C50581B14CAEC76000D6587 /* UIView+OrigoExtensions.m */; };
		5C5ED5CE14F2E9FE006BBDFB /* OReplicatedEntity+OrigoExtensions.m in Sources */ = {isa = PBXBuildFile; fileRef = 5C5ED5CD14F2E9FE006BBDFB /* OReplicatedEntity+OrigoExtensions.m */; };
		5C6261AF16BA9E6B0026D148 /* OReplicatedEntity.m in Sources */ = {isa = PBXBuildFile; fileRef = 5C6261AE16BA9E6B0026D148 /* OReplicatedEntity.m */; };
		5C629FEB14C61F98001DA01F /* 83-calendar.png in Resources */ = {isa = PBXBuildFile; fileRef = 5C629FE914C61F98001DA01F /* 83-calendar.png */; };
		5C629FEC14C61F98001DA01F /* 83-calendar@2x.png in Resources */ = {isa = PBXBuildFile; fileRef = 5C629FEA14C61F98001DA01F /* 83-calendar@2x.png */; };
		5C629FF014C62038001DA01F /* OMemberListViewController.m in Sources */ = {isa = PBXBuildFile; fileRef = 5C629FEF14C62038001DA01F /* OMemberListViewController.m */; };
		5C629FF314C62133001DA01F /* 08-chat.png in Resources */ = {isa = PBXBuildFile; fileRef = 5C629FF114C62133001DA01F /* 08-chat.png */; };
		5C629FF414C62133001DA01F /* 08-chat@2x.png in Resources */ = {isa = PBXBuildFile; fileRef = 5C629FF214C62133001DA01F /* 08-chat@2x.png */; };
		5C629FFB14C62481001DA01F /* 258-checkmark.png in Resources */ = {isa = PBXBuildFile; fileRef = 5C629FF914C62481001DA01F /* 258-checkmark.png */; };
		5C629FFC14C62481001DA01F /* 258-checkmark@2x.png in Resources */ = {isa = PBXBuildFile; fileRef = 5C629FFA14C62481001DA01F /* 258-checkmark@2x.png */; };
		5C629FFF14C624AD001DA01F /* OMessageBoardViewController.m in Sources */ = {isa = PBXBuildFile; fileRef = 5C629FFE14C624AD001DA01F /* OMessageBoardViewController.m */; };
		5C62A00214C6252C001DA01F /* OTaskListViewController.m in Sources */ = {isa = PBXBuildFile; fileRef = 5C62A00114C6252C001DA01F /* OTaskListViewController.m */; };
		5C6C4B6B16CC027600C88E6C /* OReplicatedEntityRef.m in Sources */ = {isa = PBXBuildFile; fileRef = 5C6C4B6A16CC027600C88E6C /* OReplicatedEntityRef.m */; };
		5C6C4B7716CCD0E900C88E6C /* OMembership.m in Sources */ = {isa = PBXBuildFile; fileRef = 5C6C4B7616CCD0E800C88E6C /* OMembership.m */; };
		5C6C4B7D16CCE0BB00C88E6C /* OMember.m in Sources */ = {isa = PBXBuildFile; fileRef = 5C6C4B7C16CCE0BB00C88E6C /* OMember.m */; };
		5C6E6C131589AC820002FF84 /* UITableView+OrigoExtensions.m in Sources */ = {isa = PBXBuildFile; fileRef = 5C6E6C121589AC820002FF84 /* UITableView+OrigoExtensions.m */; };
		5C71DE0414829E02001D90C6 /* MainStoryboard_iPhone.storyboard in Resources */ = {isa = PBXBuildFile; fileRef = 5C71DE0514829E02001D90C6 /* MainStoryboard_iPhone.storyboard */; };
		5C7379FD1593111B0065AB4F /* OTextField.m in Sources */ = {isa = PBXBuildFile; fileRef = 5C7379FC1593111B0065AB4F /* OTextField.m */; };
		5C78FABA1654E77E009A4BCF /* OTextView.m in Sources */ = {isa = PBXBuildFile; fileRef = 5C78FAB91654E77E009A4BCF /* OTextView.m */; };
		5C83DF81153F59B800BB0B29 /* OOrigo+OrigoExtensions.m in Sources */ = {isa = PBXBuildFile; fileRef = 5C83DF80153F59B800BB0B29 /* OOrigo+OrigoExtensions.m */; };
		5C83DF871543EC8600BB0B29 /* OMemberResidency+OrigoExtensions.m in Sources */ = {isa = PBXBuildFile; fileRef = 5C83DF861543EC8600BB0B29 /* OMemberResidency+OrigoExtensions.m */; };
		5C8B3AB615813DBB000B19FA /* OMemberViewController.m in Sources */ = {isa = PBXBuildFile; fileRef = 5C8B3AB515813DBB000B19FA /* OMemberViewController.m */; };
		5C8B3ABA1582493D000B19FA /* OTableViewCell.m in Sources */ = {isa = PBXBuildFile; fileRef = 5C8B3AB91582493C000B19FA /* OTableViewCell.m */; };
		5C93DC751628100C009A66C4 /* Default-568h@2x.png in Resources */ = {isa = PBXBuildFile; fileRef = 5C93DC741628100C009A66C4 /* Default-568h@2x.png */; };
		5C9B9096162E93BF004F530F /* 19-gear.png in Resources */ = {isa = PBXBuildFile; fileRef = 5C9B9094162E93BF004F530F /* 19-gear.png */; };
		5C9B9097162E93BF004F530F /* 19-gear@2x.png in Resources */ = {isa = PBXBuildFile; fileRef = 5C9B9095162E93BF004F530F /* 19-gear@2x.png */; };
		5C9D3148151F1A0100DF6EB0 /* NSJSONSerialization+OrigoExtensions.m in Sources */ = {isa = PBXBuildFile; fileRef = 5C9D3147151F1A0100DF6EB0 /* NSJSONSerialization+OrigoExtensions.m */; };
		5CA10B8F16A40BB500031D81 /* glyphicons_309_comments.png in Resources */ = {isa = PBXBuildFile; fileRef = 5CA10B8D16A40BB500031D81 /* glyphicons_309_comments.png */; };
		5CA10B9016A40BB500031D81 /* glyphicons_309_comments@2x.png in Resources */ = {isa = PBXBuildFile; fileRef = 5CA10B8E16A40BB500031D81 /* glyphicons_309_comments@2x.png */; };
		5CA10B9C16A7F49F00031D81 /* OTableViewController.m in Sources */ = {isa = PBXBuildFile; fileRef = 5CA10B9B16A7F49F00031D81 /* OTableViewController.m */; };
		5CA94D9B15834A9E008CD9EC /* UIDatePicker+OrigoExtensions.m in Sources */ = {isa = PBXBuildFile; fileRef = 5CA94D9A15834A9E008CD9EC /* UIDatePicker+OrigoExtensions.m */; };
		5CA94D9F15836BD9008CD9EC /* NSDate+OrigoExtensions.m in Sources */ = {isa = PBXBuildFile; fileRef = 5CA94D9E15836BD9008CD9EC /* NSDate+OrigoExtensions.m */; };
		5CAEE091163E513300A9046B /* ODocumentElement.m in Sources */ = {isa = PBXBuildFile; fileRef = 5CAEE090163E513300A9046B /* ODocumentElement.m */; };
		5CAEE094163E513400A9046B /* OMessageBoard.m in Sources */ = {isa = PBXBuildFile; fileRef = 5CAEE093163E513400A9046B /* OMessageBoard.m */; };
		5CAEE09A163E513400A9046B /* OScheduledBreak.m in Sources */ = {isa = PBXBuildFile; fileRef = 5CAEE099163E513400A9046B /* OScheduledBreak.m */; };
		5CAEE09D163E513500A9046B /* OToDoAssignment.m in Sources */ = {isa = PBXBuildFile; fileRef = 5CAEE09C163E513500A9046B /* OToDoAssignment.m */; };
		5CAEE0A0163E513600A9046B /* OExternalDocument.m in Sources */ = {isa = PBXBuildFile; fileRef = 5CAEE09F163E513500A9046B /* OExternalDocument.m */; };
		5CAEE0A3163E513600A9046B /* OEventInvitation.m in Sources */ = {isa = PBXBuildFile; fileRef = 5CAEE0A2163E513600A9046B /* OEventInvitation.m */; };
		5CAEE0A6163E513700A9046B /* OEventOrigoInvitation.m in Sources */ = {isa = PBXBuildFile; fileRef = 5CAEE0A5163E513700A9046B /* OEventOrigoInvitation.m */; };
		5CAEE0A9163E513700A9046B /* OWeeklyScheduleItem.m in Sources */ = {isa = PBXBuildFile; fileRef = 5CAEE0A8163E513700A9046B /* OWeeklyScheduleItem.m */; };
		5CAEE0AC163E513900A9046B /* OMemberResidency.m in Sources */ = {isa = PBXBuildFile; fileRef = 5CAEE0AB163E513800A9046B /* OMemberResidency.m */; };
		5CAEE0AF163E513900A9046B /* OYearlySchedule.m in Sources */ = {isa = PBXBuildFile; fileRef = 5CAEE0AE163E513900A9046B /* OYearlySchedule.m */; };
		5CAEE0B2163E513900A9046B /* OEvent.m in Sources */ = {isa = PBXBuildFile; fileRef = 5CAEE0B1163E513900A9046B /* OEvent.m */; };
		5CAEE0BB163E513A00A9046B /* OMessageThread.m in Sources */ = {isa = PBXBuildFile; fileRef = 5CAEE0BA163E513A00A9046B /* OMessageThread.m */; };
		5CAEE0BE163E513A00A9046B /* ODocument.m in Sources */ = {isa = PBXBuildFile; fileRef = 5CAEE0BD163E513A00A9046B /* ODocument.m */; };
		5CAEE0C4163E513A00A9046B /* OScheduledAbsence.m in Sources */ = {isa = PBXBuildFile; fileRef = 5CAEE0C3163E513A00A9046B /* OScheduledAbsence.m */; };
		5CAEE0C7163E513A00A9046B /* ODevice.m in Sources */ = {isa = PBXBuildFile; fileRef = 5CAEE0C6163E513A00A9046B /* ODevice.m */; };
		5CAEE0CA163E513A00A9046B /* ODocumentRepository.m in Sources */ = {isa = PBXBuildFile; fileRef = 5CAEE0C9163E513A00A9046B /* ODocumentRepository.m */; };
		5CAEE0CD163E513A00A9046B /* OToDoItem.m in Sources */ = {isa = PBXBuildFile; fileRef = 5CAEE0CC163E513A00A9046B /* OToDoItem.m */; };
		5CAEE0D0163E513A00A9046B /* OMessageItem.m in Sources */ = {isa = PBXBuildFile; fileRef = 5CAEE0CF163E513A00A9046B /* OMessageItem.m */; };
		5CB7E94015F38C1200FD53DF /* OSettingsViewController.m in Sources */ = {isa = PBXBuildFile; fileRef = 5CB7E93F15F38C1200FD53DF /* OSettingsViewController.m */; };
		5CBB63B9146080DF00A9133A /* UIKit.framework in Frameworks */ = {isa = PBXBuildFile; fileRef = 5CBB63B8146080DF00A9133A /* UIKit.framework */; };
		5CBB63BB146080DF00A9133A /* Foundation.framework in Frameworks */ = {isa = PBXBuildFile; fileRef = 5CBB63BA146080DF00A9133A /* Foundation.framework */; };
		5CBB63BD146080DF00A9133A /* CoreGraphics.framework in Frameworks */ = {isa = PBXBuildFile; fileRef = 5CBB63BC146080DF00A9133A /* CoreGraphics.framework */; };
		5CBB63C3146080DF00A9133A /* InfoPlist.strings in Resources */ = {isa = PBXBuildFile; fileRef = 5CBB63C1146080DF00A9133A /* InfoPlist.strings */; };
		5CBB63C5146080DF00A9133A /* main.m in Sources */ = {isa = PBXBuildFile; fileRef = 5CBB63C4146080DF00A9133A /* main.m */; };
		5CBB63C9146080DF00A9133A /* OAppDelegate.m in Sources */ = {isa = PBXBuildFile; fileRef = 5CBB63C8146080DF00A9133A /* OAppDelegate.m */; };
		5CBB63DA146080E000A9133A /* SenTestingKit.framework in Frameworks */ = {isa = PBXBuildFile; fileRef = 5CBB63D9146080E000A9133A /* SenTestingKit.framework */; };
		5CBB63DB146080E000A9133A /* UIKit.framework in Frameworks */ = {isa = PBXBuildFile; fileRef = 5CBB63B8146080DF00A9133A /* UIKit.framework */; };
		5CBB63DC146080E000A9133A /* Foundation.framework in Frameworks */ = {isa = PBXBuildFile; fileRef = 5CBB63BA146080DF00A9133A /* Foundation.framework */; };
		5CBB63E4146080E000A9133A /* InfoPlist.strings in Resources */ = {isa = PBXBuildFile; fileRef = 5CBB63E2146080E000A9133A /* InfoPlist.strings */; };
		5CBB63E7146080E000A9133A /* OrigoAppTests.m in Sources */ = {isa = PBXBuildFile; fileRef = 5CBB63E6146080E000A9133A /* OrigoAppTests.m */; };
		5CBDF78C1659175000D4681C /* OTableViewCellConstrainer.m in Sources */ = {isa = PBXBuildFile; fileRef = 5CBDF78B1659175000D4681C /* OTableViewCellConstrainer.m */; };
		5CBE919F159909E200516C54 /* AudioToolbox.framework in Frameworks */ = {isa = PBXBuildFile; fileRef = 5CBE919E159909E200516C54 /* AudioToolbox.framework */; };
		5CBE91A31599823000516C54 /* UIFont+OrigoExtensions.m in Sources */ = {isa = PBXBuildFile; fileRef = 5CBE91A21599823000516C54 /* UIFont+OrigoExtensions.m */; };
		5CBE9C5314AB5160004FE2B7 /* NSString+OrigoExtensions.m in Sources */ = {isa = PBXBuildFile; fileRef = 5CBE9C5214AB515F004FE2B7 /* NSString+OrigoExtensions.m */; };
		5CCF08FE1465D5D900D41AB0 /* Reachability.m in Sources */ = {isa = PBXBuildFile; fileRef = 5CCF08FD1465D5D900D41AB0 /* Reachability.m */; };
		5CCF09041465D91B00D41AB0 /* SystemConfiguration.framework in Frameworks */ = {isa = PBXBuildFile; fileRef = 5CCF09031465D91B00D41AB0 /* SystemConfiguration.framework */; };
		5CD3360E15C40A2F00ABBFE7 /* OState.m in Sources */ = {isa = PBXBuildFile; fileRef = 5CD3360D15C40A2F00ABBFE7 /* OState.m */; };
		5CD5B29D14D56F7A002021FB /* NSManagedObjectContext+OrigoExtensions.m in Sources */ = {isa = PBXBuildFile; fileRef = 5CD5B29C14D56F7A002021FB /* NSManagedObjectContext+OrigoExtensions.m */; };
		5CE987C414856426005A17C6 /* OCalendarViewController.m in Sources */ = {isa = PBXBuildFile; fileRef = 5CE987C314856426005A17C6 /* OCalendarViewController.m */; };
/* End PBXBuildFile section */

/* Begin PBXContainerItemProxy section */
		5CBB63DD146080E000A9133A /* PBXContainerItemProxy */ = {
			isa = PBXContainerItemProxy;
			containerPortal = 5CBB63AB146080DD00A9133A /* Project object */;
			proxyType = 1;
			remoteGlobalIDString = 5CBB63B3146080DF00A9133A;
			remoteInfo = OrigoApp;
		};
/* End PBXContainerItemProxy section */

/* Begin PBXFileReference section */
		5C014A2215CA77310040A1D9 /* OAlert.h */ = {isa = PBXFileReference; fileEncoding = 4; lastKnownFileType = sourcecode.c.h; path = OAlert.h; sourceTree = "<group>"; };
		5C014A2315CA77310040A1D9 /* OAlert.m */ = {isa = PBXFileReference; fileEncoding = 4; lastKnownFileType = sourcecode.c.objc; path = OAlert.m; sourceTree = "<group>"; };
		5C15BFAE16350CB300BB5254 /* glyphicons_003_user.png */ = {isa = PBXFileReference; lastKnownFileType = image.png; path = glyphicons_003_user.png; sourceTree = "<group>"; };
		5C15BFAF16350CB300BB5254 /* glyphicons_003_user@2x.png */ = {isa = PBXFileReference; lastKnownFileType = image.png; path = "glyphicons_003_user@2x.png"; sourceTree = "<group>"; };
		5C15BFB316350CCE00BB5254 /* glyphicons_035_woman.png */ = {isa = PBXFileReference; lastKnownFileType = image.png; path = glyphicons_035_woman.png; sourceTree = "<group>"; };
		5C15BFB416350CCE00BB5254 /* glyphicons_035_woman@2x.png */ = {isa = PBXFileReference; lastKnownFileType = image.png; path = "glyphicons_035_woman@2x.png"; sourceTree = "<group>"; };
		5C15BFB716350FEE00BB5254 /* glyphicons_004_girl.png */ = {isa = PBXFileReference; lastKnownFileType = image.png; path = glyphicons_004_girl.png; sourceTree = "<group>"; };
		5C15BFB816350FEE00BB5254 /* glyphicons_004_girl@2x.png */ = {isa = PBXFileReference; lastKnownFileType = image.png; path = "glyphicons_004_girl@2x.png"; sourceTree = "<group>"; };
		5C15BFC31635181C00BB5254 /* 10-arrows-in.png */ = {isa = PBXFileReference; lastKnownFileType = image.png; path = "10-arrows-in.png"; sourceTree = "<group>"; };
		5C15BFC41635181C00BB5254 /* 10-arrows-in@2x.png */ = {isa = PBXFileReference; lastKnownFileType = image.png; path = "10-arrows-in@2x.png"; sourceTree = "<group>"; };
		5C15BFC716367BC900BB5254 /* OTabBarController.h */ = {isa = PBXFileReference; fileEncoding = 4; lastKnownFileType = sourcecode.c.h; path = OTabBarController.h; sourceTree = "<group>"; };
		5C15BFC816367BC900BB5254 /* OTabBarController.m */ = {isa = PBXFileReference; fileEncoding = 4; lastKnownFileType = sourcecode.c.objc; path = OTabBarController.m; sourceTree = "<group>"; };
		5C15BFDD163805AD00BB5254 /* 10-arrows-in_black.png */ = {isa = PBXFileReference; lastKnownFileType = image.png; path = "10-arrows-in_black.png"; sourceTree = "<group>"; };
		5C15BFDE163805AE00BB5254 /* 10-arrows-in_black@2x.png */ = {isa = PBXFileReference; lastKnownFileType = image.png; path = "10-arrows-in_black@2x.png"; sourceTree = "<group>"; };
		5C15BFF116385AB600BB5254 /* 76-baby_black@2x.png */ = {isa = PBXFileReference; lastKnownFileType = image.png; path = "76-baby_black@2x.png"; sourceTree = "<group>"; };
		5C15BFF316385D4800BB5254 /* glyphicons_020_home.png */ = {isa = PBXFileReference; lastKnownFileType = image.png; path = glyphicons_020_home.png; sourceTree = "<group>"; };
		5C15BFF416385D4800BB5254 /* glyphicons_020_home@2x.png */ = {isa = PBXFileReference; lastKnownFileType = image.png; path = "glyphicons_020_home@2x.png"; sourceTree = "<group>"; };
		5C15BFF716386C6000BB5254 /* glyphicons_004_girl-as_boy.png */ = {isa = PBXFileReference; lastKnownFileType = image.png; path = "glyphicons_004_girl-as_boy.png"; sourceTree = "<group>"; };
		5C15BFF816386C6000BB5254 /* glyphicons_004_girl-as_boy@2x.png */ = {isa = PBXFileReference; lastKnownFileType = image.png; path = "glyphicons_004_girl-as_boy@2x.png"; sourceTree = "<group>"; };
		5C15BFFD1638815300BB5254 /* 76-baby_black.png */ = {isa = PBXFileReference; lastKnownFileType = image.png; path = "76-baby_black.png"; sourceTree = "<group>"; };
		5C198B7016D63944002D3976 /* OTableViewListCellDelegate.h */ = {isa = PBXFileReference; lastKnownFileType = sourcecode.c.h; path = OTableViewListCellDelegate.h; sourceTree = "<group>"; };
		5C198B7116D76343002D3976 /* OTableViewCellBlueprint.h */ = {isa = PBXFileReference; fileEncoding = 4; lastKnownFileType = sourcecode.c.h; path = OTableViewCellBlueprint.h; sourceTree = "<group>"; };
		5C198B7216D76343002D3976 /* OTableViewCellBlueprint.m */ = {isa = PBXFileReference; fileEncoding = 4; lastKnownFileType = sourcecode.c.objc; path = OTableViewCellBlueprint.m; sourceTree = "<group>"; };
		5C198B7416DB9100002D3976 /* OOrigo.h */ = {isa = PBXFileReference; fileEncoding = 4; lastKnownFileType = sourcecode.c.h; path = OOrigo.h; sourceTree = "<group>"; };
		5C198B7516DB9101002D3976 /* OOrigo.m */ = {isa = PBXFileReference; fileEncoding = 4; lastKnownFileType = sourcecode.c.objc; path = OOrigo.m; sourceTree = "<group>"; };
		5C1A81BB1645CE22003DCCAF /* UIBarButtonItem+OrigoExtensions.h */ = {isa = PBXFileReference; fileEncoding = 4; lastKnownFileType = sourcecode.c.h; path = "UIBarButtonItem+OrigoExtensions.h"; sourceTree = "<group>"; };
		5C1A81BC1645CE22003DCCAF /* UIBarButtonItem+OrigoExtensions.m */ = {isa = PBXFileReference; fileEncoding = 4; lastKnownFileType = sourcecode.c.objc; path = "UIBarButtonItem+OrigoExtensions.m"; sourceTree = "<group>"; };
		5C2262C215A0B47B00241C5F /* OOrigoViewController.h */ = {isa = PBXFileReference; fileEncoding = 4; lastKnownFileType = sourcecode.c.h; path = OOrigoViewController.h; sourceTree = "<group>"; };
		5C2262C315A0B47B00241C5F /* OOrigoViewController.m */ = {isa = PBXFileReference; fileEncoding = 4; lastKnownFileType = sourcecode.c.objc; path = OOrigoViewController.m; sourceTree = "<group>"; };
		5C23431014812A3000164478 /* OStrings.h */ = {isa = PBXFileReference; fileEncoding = 4; lastKnownFileType = sourcecode.c.h; path = OStrings.h; sourceTree = "<group>"; };
		5C23431114812A3000164478 /* OStrings.m */ = {isa = PBXFileReference; fileEncoding = 4; lastKnownFileType = sourcecode.c.objc; path = OStrings.m; sourceTree = "<group>"; };
		5C26291C158F27860012A74A /* OAuthViewController.h */ = {isa = PBXFileReference; fileEncoding = 4; lastKnownFileType = sourcecode.c.h; path = OAuthViewController.h; sourceTree = "<group>"; };
		5C26291D158F27860012A74A /* OAuthViewController.m */ = {isa = PBXFileReference; fileEncoding = 4; lastKnownFileType = sourcecode.c.objc; path = OAuthViewController.m; sourceTree = "<group>"; };
		5C2E11121469CDE5005BDE61 /* OServerConnection.h */ = {isa = PBXFileReference; fileEncoding = 4; lastKnownFileType = sourcecode.c.h; path = OServerConnection.h; sourceTree = "<group>"; };
		5C2E11131469CDE5005BDE61 /* OServerConnection.m */ = {isa = PBXFileReference; fileEncoding = 4; lastKnownFileType = sourcecode.c.objc; path = OServerConnection.m; sourceTree = "<group>"; };
		5C2E1133146ACFA9005BDE61 /* OServerConnectionDelegate.h */ = {isa = PBXFileReference; fileEncoding = 4; lastKnownFileType = sourcecode.c.h; path = OServerConnectionDelegate.h; sourceTree = "<group>"; };
		5C2E6B7C15A8501800638330 /* OMembership+OrigoExtensions.h */ = {isa = PBXFileReference; fileEncoding = 4; lastKnownFileType = sourcecode.c.h; path = "OMembership+OrigoExtensions.h"; sourceTree = "<group>"; };
		5C2E6B7D15A8501800638330 /* OMembership+OrigoExtensions.m */ = {isa = PBXFileReference; fileEncoding = 4; lastKnownFileType = sourcecode.c.objc; path = "OMembership+OrigoExtensions.m"; sourceTree = "<group>"; };
		5C3374811563FBE200DEF67D /* OMember+OrigoExtensions.h */ = {isa = PBXFileReference; fileEncoding = 4; lastKnownFileType = sourcecode.c.h; path = "OMember+OrigoExtensions.h"; sourceTree = "<group>"; };
		5C3374821563FBE200DEF67D /* OMember+OrigoExtensions.m */ = {isa = PBXFileReference; fileEncoding = 4; lastKnownFileType = sourcecode.c.objc; path = "OMember+OrigoExtensions.m"; sourceTree = "<group>"; };
		5C36BE88146E9DA100DD3CEA /* OMeta.h */ = {isa = PBXFileReference; fileEncoding = 4; lastKnownFileType = sourcecode.c.h; path = OMeta.h; sourceTree = "<group>"; };
		5C36BE89146E9DA100DD3CEA /* OMeta.m */ = {isa = PBXFileReference; fileEncoding = 4; lastKnownFileType = sourcecode.c.objc; path = OMeta.m; sourceTree = "<group>"; };
		5C36BE9814704E6800DD3CEA /* CoreData.framework */ = {isa = PBXFileReference; lastKnownFileType = wrapper.framework; name = CoreData.framework; path = System/Library/Frameworks/CoreData.framework; sourceTree = SDKROOT; };
		5C36BE9B1470507700DD3CEA /* OrigoApp.xcdatamodel */ = {isa = PBXFileReference; lastKnownFileType = wrapper.xcdatamodel; path = OrigoApp.xcdatamodel; sourceTree = "<group>"; };
		5C39EC1C166632570083DFEB /* OEntityObservingDelegate.h */ = {isa = PBXFileReference; lastKnownFileType = sourcecode.c.h; path = OEntityObservingDelegate.h; sourceTree = "<group>"; };
		5C3A319514C61378001A783E /* dark_linen-640x960.png */ = {isa = PBXFileReference; lastKnownFileType = image.png; path = "dark_linen-640x960.png"; sourceTree = "<group>"; };
		5C3C665A14F56D6800514C57 /* OUUIDGenerator.h */ = {isa = PBXFileReference; fileEncoding = 4; lastKnownFileType = sourcecode.c.h; path = OUUIDGenerator.h; sourceTree = "<group>"; };
		5C3C665B14F56D6800514C57 /* OUUIDGenerator.m */ = {isa = PBXFileReference; fileEncoding = 4; lastKnownFileType = sourcecode.c.objc; path = OUUIDGenerator.m; sourceTree = "<group>"; };
		5C3D42801485678E009A68E0 /* OOrigoListViewController.h */ = {isa = PBXFileReference; fileEncoding = 4; lastKnownFileType = sourcecode.c.h; path = OOrigoListViewController.h; sourceTree = "<group>"; };
		5C3D42811485678F009A68E0 /* OOrigoListViewController.m */ = {isa = PBXFileReference; fileEncoding = 4; lastKnownFileType = sourcecode.c.objc; path = OOrigoListViewController.m; sourceTree = "<group>"; };
		5C47154F16E2231C000D8A86 /* OEntityReplicator.h */ = {isa = PBXFileReference; fileEncoding = 4; lastKnownFileType = sourcecode.c.h; path = OEntityReplicator.h; sourceTree = "<group>"; };
		5C47155016E2231C000D8A86 /* OEntityReplicator.m */ = {isa = PBXFileReference; fileEncoding = 4; lastKnownFileType = sourcecode.c.objc; path = OEntityReplicator.m; sourceTree = "<group>"; };
		5C4955F4157D469000F2A885 /* UIColor+OrigoExtensions.h */ = {isa = PBXFileReference; fileEncoding = 4; lastKnownFileType = sourcecode.c.h; path = "UIColor+OrigoExtensions.h"; sourceTree = "<group>"; };
		5C4955F5157D469000F2A885 /* UIColor+OrigoExtensions.m */ = {isa = PBXFileReference; fileEncoding = 4; lastKnownFileType = sourcecode.c.objc; path = "UIColor+OrigoExtensions.m"; sourceTree = "<group>"; };
		5C4F97791496AF88006E244F /* NSURL+OrigoExtensions.h */ = {isa = PBXFileReference; fileEncoding = 4; lastKnownFileType = sourcecode.c.h; path = "NSURL+OrigoExtensions.h"; sourceTree = "<group>"; };
		5C4F977A1496AF88006E244F /* NSURL+OrigoExtensions.m */ = {isa = PBXFileReference; fileEncoding = 4; lastKnownFileType = sourcecode.c.objc; path = "NSURL+OrigoExtensions.m"; sourceTree = "<group>"; };
		5C50581714CA1D05000D6587 /* QuartzCore.framework */ = {isa = PBXFileReference; lastKnownFileType = wrapper.framework; name = QuartzCore.framework; path = System/Library/Frameworks/QuartzCore.framework; sourceTree = SDKROOT; };
		5C50581A14CAEC76000D6587 /* UIView+OrigoExtensions.h */ = {isa = PBXFileReference; fileEncoding = 4; lastKnownFileType = sourcecode.c.h; path = "UIView+OrigoExtensions.h"; sourceTree = "<group>"; };
		5C50581B14CAEC76000D6587 /* UIView+OrigoExtensions.m */ = {isa = PBXFileReference; fileEncoding = 4; lastKnownFileType = sourcecode.c.objc; path = "UIView+OrigoExtensions.m"; sourceTree = "<group>"; };
		5C5ED5CC14F2E9FE006BBDFB /* OReplicatedEntity+OrigoExtensions.h */ = {isa = PBXFileReference; fileEncoding = 4; lastKnownFileType = sourcecode.c.h; path = "OReplicatedEntity+OrigoExtensions.h"; sourceTree = "<group>"; };
		5C5ED5CD14F2E9FE006BBDFB /* OReplicatedEntity+OrigoExtensions.m */ = {isa = PBXFileReference; fileEncoding = 4; lastKnownFileType = sourcecode.c.objc; path = "OReplicatedEntity+OrigoExtensions.m"; sourceTree = "<group>"; };
		5C6261AD16BA9E6B0026D148 /* OReplicatedEntity.h */ = {isa = PBXFileReference; fileEncoding = 4; lastKnownFileType = sourcecode.c.h; path = OReplicatedEntity.h; sourceTree = "<group>"; };
		5C6261AE16BA9E6B0026D148 /* OReplicatedEntity.m */ = {isa = PBXFileReference; fileEncoding = 4; lastKnownFileType = sourcecode.c.objc; path = OReplicatedEntity.m; sourceTree = "<group>"; };
		5C629FE914C61F98001DA01F /* 83-calendar.png */ = {isa = PBXFileReference; lastKnownFileType = image.png; path = "83-calendar.png"; sourceTree = "<group>"; };
		5C629FEA14C61F98001DA01F /* 83-calendar@2x.png */ = {isa = PBXFileReference; lastKnownFileType = image.png; path = "83-calendar@2x.png"; sourceTree = "<group>"; };
		5C629FEE14C62038001DA01F /* OMemberListViewController.h */ = {isa = PBXFileReference; fileEncoding = 4; lastKnownFileType = sourcecode.c.h; path = OMemberListViewController.h; sourceTree = "<group>"; };
		5C629FEF14C62038001DA01F /* OMemberListViewController.m */ = {isa = PBXFileReference; fileEncoding = 4; lastKnownFileType = sourcecode.c.objc; path = OMemberListViewController.m; sourceTree = "<group>"; };
		5C629FF114C62133001DA01F /* 08-chat.png */ = {isa = PBXFileReference; lastKnownFileType = image.png; path = "08-chat.png"; sourceTree = "<group>"; };
		5C629FF214C62133001DA01F /* 08-chat@2x.png */ = {isa = PBXFileReference; lastKnownFileType = image.png; path = "08-chat@2x.png"; sourceTree = "<group>"; };
		5C629FF914C62481001DA01F /* 258-checkmark.png */ = {isa = PBXFileReference; lastKnownFileType = image.png; path = "258-checkmark.png"; sourceTree = "<group>"; };
		5C629FFA14C62481001DA01F /* 258-checkmark@2x.png */ = {isa = PBXFileReference; lastKnownFileType = image.png; path = "258-checkmark@2x.png"; sourceTree = "<group>"; };
		5C629FFD14C624AD001DA01F /* OMessageBoardViewController.h */ = {isa = PBXFileReference; fileEncoding = 4; lastKnownFileType = sourcecode.c.h; path = OMessageBoardViewController.h; sourceTree = "<group>"; };
		5C629FFE14C624AD001DA01F /* OMessageBoardViewController.m */ = {isa = PBXFileReference; fileEncoding = 4; lastKnownFileType = sourcecode.c.objc; path = OMessageBoardViewController.m; sourceTree = "<group>"; };
		5C62A00014C6252C001DA01F /* OTaskListViewController.h */ = {isa = PBXFileReference; fileEncoding = 4; lastKnownFileType = sourcecode.c.h; path = OTaskListViewController.h; sourceTree = "<group>"; };
		5C62A00114C6252C001DA01F /* OTaskListViewController.m */ = {isa = PBXFileReference; fileEncoding = 4; lastKnownFileType = sourcecode.c.objc; path = OTaskListViewController.m; sourceTree = "<group>"; };
		5C6C4B6916CC027600C88E6C /* OReplicatedEntityRef.h */ = {isa = PBXFileReference; fileEncoding = 4; lastKnownFileType = sourcecode.c.h; path = OReplicatedEntityRef.h; sourceTree = "<group>"; };
		5C6C4B6A16CC027600C88E6C /* OReplicatedEntityRef.m */ = {isa = PBXFileReference; fileEncoding = 4; lastKnownFileType = sourcecode.c.objc; path = OReplicatedEntityRef.m; sourceTree = "<group>"; };
		5C6C4B7516CCD0E800C88E6C /* OMembership.h */ = {isa = PBXFileReference; fileEncoding = 4; lastKnownFileType = sourcecode.c.h; path = OMembership.h; sourceTree = "<group>"; };
		5C6C4B7616CCD0E800C88E6C /* OMembership.m */ = {isa = PBXFileReference; fileEncoding = 4; lastKnownFileType = sourcecode.c.objc; path = OMembership.m; sourceTree = "<group>"; };
		5C6C4B7B16CCE0BB00C88E6C /* OMember.h */ = {isa = PBXFileReference; fileEncoding = 4; lastKnownFileType = sourcecode.c.h; path = OMember.h; sourceTree = "<group>"; };
		5C6C4B7C16CCE0BB00C88E6C /* OMember.m */ = {isa = PBXFileReference; fileEncoding = 4; lastKnownFileType = sourcecode.c.objc; path = OMember.m; sourceTree = "<group>"; };
		5C6E6C111589AC820002FF84 /* UITableView+OrigoExtensions.h */ = {isa = PBXFileReference; fileEncoding = 4; lastKnownFileType = sourcecode.c.h; path = "UITableView+OrigoExtensions.h"; sourceTree = "<group>"; };
		5C6E6C121589AC820002FF84 /* UITableView+OrigoExtensions.m */ = {isa = PBXFileReference; fileEncoding = 4; lastKnownFileType = sourcecode.c.objc; path = "UITableView+OrigoExtensions.m"; sourceTree = "<group>"; };
		5C71DE0514829E02001D90C6 /* MainStoryboard_iPhone.storyboard */ = {isa = PBXFileReference; lastKnownFileType = file.storyboard; path = MainStoryboard_iPhone.storyboard; sourceTree = "<group>"; };
		5C7379FB1593111B0065AB4F /* OTextField.h */ = {isa = PBXFileReference; fileEncoding = 4; lastKnownFileType = sourcecode.c.h; path = OTextField.h; sourceTree = "<group>"; };
		5C7379FC1593111B0065AB4F /* OTextField.m */ = {isa = PBXFileReference; fileEncoding = 4; lastKnownFileType = sourcecode.c.objc; path = OTextField.m; sourceTree = "<group>"; };
		5C78FAB81654E77E009A4BCF /* OTextView.h */ = {isa = PBXFileReference; fileEncoding = 4; lastKnownFileType = sourcecode.c.h; path = OTextView.h; sourceTree = "<group>"; };
		5C78FAB91654E77E009A4BCF /* OTextView.m */ = {isa = PBXFileReference; fileEncoding = 4; lastKnownFileType = sourcecode.c.objc; path = OTextView.m; sourceTree = "<group>"; };
		5C83DF7F153F59B800BB0B29 /* OOrigo+OrigoExtensions.h */ = {isa = PBXFileReference; fileEncoding = 4; lastKnownFileType = sourcecode.c.h; path = "OOrigo+OrigoExtensions.h"; sourceTree = "<group>"; };
		5C83DF80153F59B800BB0B29 /* OOrigo+OrigoExtensions.m */ = {isa = PBXFileReference; fileEncoding = 4; lastKnownFileType = sourcecode.c.objc; path = "OOrigo+OrigoExtensions.m"; sourceTree = "<group>"; };
		5C83DF851543EC8600BB0B29 /* OMemberResidency+OrigoExtensions.h */ = {isa = PBXFileReference; fileEncoding = 4; lastKnownFileType = sourcecode.c.h; path = "OMemberResidency+OrigoExtensions.h"; sourceTree = "<group>"; };
		5C83DF861543EC8600BB0B29 /* OMemberResidency+OrigoExtensions.m */ = {isa = PBXFileReference; fileEncoding = 4; lastKnownFileType = sourcecode.c.objc; path = "OMemberResidency+OrigoExtensions.m"; sourceTree = "<group>"; };
		5C8B3AB415813DBB000B19FA /* OMemberViewController.h */ = {isa = PBXFileReference; fileEncoding = 4; lastKnownFileType = sourcecode.c.h; path = OMemberViewController.h; sourceTree = "<group>"; };
		5C8B3AB515813DBB000B19FA /* OMemberViewController.m */ = {isa = PBXFileReference; fileEncoding = 4; lastKnownFileType = sourcecode.c.objc; path = OMemberViewController.m; sourceTree = "<group>"; };
		5C8B3AB81582493C000B19FA /* OTableViewCell.h */ = {isa = PBXFileReference; fileEncoding = 4; lastKnownFileType = sourcecode.c.h; path = OTableViewCell.h; sourceTree = "<group>"; };
		5C8B3AB91582493C000B19FA /* OTableViewCell.m */ = {isa = PBXFileReference; fileEncoding = 4; lastKnownFileType = sourcecode.c.objc; path = OTableViewCell.m; sourceTree = "<group>"; };
		5C93DC741628100C009A66C4 /* Default-568h@2x.png */ = {isa = PBXFileReference; lastKnownFileType = image.png; name = "Default-568h@2x.png"; path = "../Default-568h@2x.png"; sourceTree = "<group>"; };
		5C9B9094162E93BF004F530F /* 19-gear.png */ = {isa = PBXFileReference; lastKnownFileType = image.png; path = "19-gear.png"; sourceTree = "<group>"; };
		5C9B9095162E93BF004F530F /* 19-gear@2x.png */ = {isa = PBXFileReference; lastKnownFileType = image.png; path = "19-gear@2x.png"; sourceTree = "<group>"; };
		5C9D3146151F1A0100DF6EB0 /* NSJSONSerialization+OrigoExtensions.h */ = {isa = PBXFileReference; fileEncoding = 4; lastKnownFileType = sourcecode.c.h; path = "NSJSONSerialization+OrigoExtensions.h"; sourceTree = "<group>"; };
		5C9D3147151F1A0100DF6EB0 /* NSJSONSerialization+OrigoExtensions.m */ = {isa = PBXFileReference; fileEncoding = 4; lastKnownFileType = sourcecode.c.objc; path = "NSJSONSerialization+OrigoExtensions.m"; sourceTree = "<group>"; };
		5CA10B8D16A40BB500031D81 /* glyphicons_309_comments.png */ = {isa = PBXFileReference; lastKnownFileType = image.png; path = glyphicons_309_comments.png; sourceTree = "<group>"; };
		5CA10B8E16A40BB500031D81 /* glyphicons_309_comments@2x.png */ = {isa = PBXFileReference; lastKnownFileType = image.png; path = "glyphicons_309_comments@2x.png"; sourceTree = "<group>"; };
		5CA10B9A16A7F49F00031D81 /* OTableViewController.h */ = {isa = PBXFileReference; fileEncoding = 4; lastKnownFileType = sourcecode.c.h; path = OTableViewController.h; sourceTree = "<group>"; };
		5CA10B9B16A7F49F00031D81 /* OTableViewController.m */ = {isa = PBXFileReference; fileEncoding = 4; lastKnownFileType = sourcecode.c.objc; path = OTableViewController.m; sourceTree = "<group>"; };
		5CA10B9E16A7F9FD00031D81 /* OTableViewControllerInstance.h */ = {isa = PBXFileReference; lastKnownFileType = sourcecode.c.h; path = OTableViewControllerInstance.h; sourceTree = "<group>"; };
		5CA94D9915834A9E008CD9EC /* UIDatePicker+OrigoExtensions.h */ = {isa = PBXFileReference; fileEncoding = 4; lastKnownFileType = sourcecode.c.h; path = "UIDatePicker+OrigoExtensions.h"; sourceTree = "<group>"; };
		5CA94D9A15834A9E008CD9EC /* UIDatePicker+OrigoExtensions.m */ = {isa = PBXFileReference; fileEncoding = 4; lastKnownFileType = sourcecode.c.objc; path = "UIDatePicker+OrigoExtensions.m"; sourceTree = "<group>"; };
		5CA94D9D15836BD9008CD9EC /* NSDate+OrigoExtensions.h */ = {isa = PBXFileReference; fileEncoding = 4; lastKnownFileType = sourcecode.c.h; path = "NSDate+OrigoExtensions.h"; sourceTree = "<group>"; };
		5CA94D9E15836BD9008CD9EC /* NSDate+OrigoExtensions.m */ = {isa = PBXFileReference; fileEncoding = 4; lastKnownFileType = sourcecode.c.objc; path = "NSDate+OrigoExtensions.m"; sourceTree = "<group>"; };
		5CAEE08F163E513300A9046B /* ODocumentElement.h */ = {isa = PBXFileReference; fileEncoding = 4; lastKnownFileType = sourcecode.c.h; path = ODocumentElement.h; sourceTree = "<group>"; };
		5CAEE090163E513300A9046B /* ODocumentElement.m */ = {isa = PBXFileReference; fileEncoding = 4; lastKnownFileType = sourcecode.c.objc; path = ODocumentElement.m; sourceTree = "<group>"; };
		5CAEE092163E513400A9046B /* OMessageBoard.h */ = {isa = PBXFileReference; fileEncoding = 4; lastKnownFileType = sourcecode.c.h; path = OMessageBoard.h; sourceTree = "<group>"; };
		5CAEE093163E513400A9046B /* OMessageBoard.m */ = {isa = PBXFileReference; fileEncoding = 4; lastKnownFileType = sourcecode.c.objc; path = OMessageBoard.m; sourceTree = "<group>"; };
		5CAEE098163E513400A9046B /* OScheduledBreak.h */ = {isa = PBXFileReference; fileEncoding = 4; lastKnownFileType = sourcecode.c.h; path = OScheduledBreak.h; sourceTree = "<group>"; };
		5CAEE099163E513400A9046B /* OScheduledBreak.m */ = {isa = PBXFileReference; fileEncoding = 4; lastKnownFileType = sourcecode.c.objc; path = OScheduledBreak.m; sourceTree = "<group>"; };
		5CAEE09B163E513500A9046B /* OToDoAssignment.h */ = {isa = PBXFileReference; fileEncoding = 4; lastKnownFileType = sourcecode.c.h; path = OToDoAssignment.h; sourceTree = "<group>"; };
		5CAEE09C163E513500A9046B /* OToDoAssignment.m */ = {isa = PBXFileReference; fileEncoding = 4; lastKnownFileType = sourcecode.c.objc; path = OToDoAssignment.m; sourceTree = "<group>"; };
		5CAEE09E163E513500A9046B /* OExternalDocument.h */ = {isa = PBXFileReference; fileEncoding = 4; lastKnownFileType = sourcecode.c.h; path = OExternalDocument.h; sourceTree = "<group>"; };
		5CAEE09F163E513500A9046B /* OExternalDocument.m */ = {isa = PBXFileReference; fileEncoding = 4; lastKnownFileType = sourcecode.c.objc; path = OExternalDocument.m; sourceTree = "<group>"; };
		5CAEE0A1163E513600A9046B /* OEventInvitation.h */ = {isa = PBXFileReference; fileEncoding = 4; lastKnownFileType = sourcecode.c.h; path = OEventInvitation.h; sourceTree = "<group>"; };
		5CAEE0A2163E513600A9046B /* OEventInvitation.m */ = {isa = PBXFileReference; fileEncoding = 4; lastKnownFileType = sourcecode.c.objc; path = OEventInvitation.m; sourceTree = "<group>"; };
		5CAEE0A4163E513600A9046B /* OEventOrigoInvitation.h */ = {isa = PBXFileReference; fileEncoding = 4; lastKnownFileType = sourcecode.c.h; path = OEventOrigoInvitation.h; sourceTree = "<group>"; };
		5CAEE0A5163E513700A9046B /* OEventOrigoInvitation.m */ = {isa = PBXFileReference; fileEncoding = 4; lastKnownFileType = sourcecode.c.objc; path = OEventOrigoInvitation.m; sourceTree = "<group>"; };
		5CAEE0A7163E513700A9046B /* OWeeklyScheduleItem.h */ = {isa = PBXFileReference; fileEncoding = 4; lastKnownFileType = sourcecode.c.h; path = OWeeklyScheduleItem.h; sourceTree = "<group>"; };
		5CAEE0A8163E513700A9046B /* OWeeklyScheduleItem.m */ = {isa = PBXFileReference; fileEncoding = 4; lastKnownFileType = sourcecode.c.objc; path = OWeeklyScheduleItem.m; sourceTree = "<group>"; };
		5CAEE0AA163E513800A9046B /* OMemberResidency.h */ = {isa = PBXFileReference; fileEncoding = 4; lastKnownFileType = sourcecode.c.h; path = OMemberResidency.h; sourceTree = "<group>"; };
		5CAEE0AB163E513800A9046B /* OMemberResidency.m */ = {isa = PBXFileReference; fileEncoding = 4; lastKnownFileType = sourcecode.c.objc; path = OMemberResidency.m; sourceTree = "<group>"; };
		5CAEE0AD163E513900A9046B /* OYearlySchedule.h */ = {isa = PBXFileReference; fileEncoding = 4; lastKnownFileType = sourcecode.c.h; path = OYearlySchedule.h; sourceTree = "<group>"; };
		5CAEE0AE163E513900A9046B /* OYearlySchedule.m */ = {isa = PBXFileReference; fileEncoding = 4; lastKnownFileType = sourcecode.c.objc; path = OYearlySchedule.m; sourceTree = "<group>"; };
		5CAEE0B0163E513900A9046B /* OEvent.h */ = {isa = PBXFileReference; fileEncoding = 4; lastKnownFileType = sourcecode.c.h; path = OEvent.h; sourceTree = "<group>"; };
		5CAEE0B1163E513900A9046B /* OEvent.m */ = {isa = PBXFileReference; fileEncoding = 4; lastKnownFileType = sourcecode.c.objc; path = OEvent.m; sourceTree = "<group>"; };
		5CAEE0B9163E513900A9046B /* OMessageThread.h */ = {isa = PBXFileReference; fileEncoding = 4; lastKnownFileType = sourcecode.c.h; path = OMessageThread.h; sourceTree = "<group>"; };
		5CAEE0BA163E513A00A9046B /* OMessageThread.m */ = {isa = PBXFileReference; fileEncoding = 4; lastKnownFileType = sourcecode.c.objc; path = OMessageThread.m; sourceTree = "<group>"; };
		5CAEE0BC163E513A00A9046B /* ODocument.h */ = {isa = PBXFileReference; fileEncoding = 4; lastKnownFileType = sourcecode.c.h; path = ODocument.h; sourceTree = "<group>"; };
		5CAEE0BD163E513A00A9046B /* ODocument.m */ = {isa = PBXFileReference; fileEncoding = 4; lastKnownFileType = sourcecode.c.objc; path = ODocument.m; sourceTree = "<group>"; };
		5CAEE0C2163E513A00A9046B /* OScheduledAbsence.h */ = {isa = PBXFileReference; fileEncoding = 4; lastKnownFileType = sourcecode.c.h; path = OScheduledAbsence.h; sourceTree = "<group>"; };
		5CAEE0C3163E513A00A9046B /* OScheduledAbsence.m */ = {isa = PBXFileReference; fileEncoding = 4; lastKnownFileType = sourcecode.c.objc; path = OScheduledAbsence.m; sourceTree = "<group>"; };
		5CAEE0C5163E513A00A9046B /* ODevice.h */ = {isa = PBXFileReference; fileEncoding = 4; lastKnownFileType = sourcecode.c.h; path = ODevice.h; sourceTree = "<group>"; };
		5CAEE0C6163E513A00A9046B /* ODevice.m */ = {isa = PBXFileReference; fileEncoding = 4; lastKnownFileType = sourcecode.c.objc; path = ODevice.m; sourceTree = "<group>"; };
		5CAEE0C8163E513A00A9046B /* ODocumentRepository.h */ = {isa = PBXFileReference; fileEncoding = 4; lastKnownFileType = sourcecode.c.h; path = ODocumentRepository.h; sourceTree = "<group>"; };
		5CAEE0C9163E513A00A9046B /* ODocumentRepository.m */ = {isa = PBXFileReference; fileEncoding = 4; lastKnownFileType = sourcecode.c.objc; path = ODocumentRepository.m; sourceTree = "<group>"; };
		5CAEE0CB163E513A00A9046B /* OToDoItem.h */ = {isa = PBXFileReference; fileEncoding = 4; lastKnownFileType = sourcecode.c.h; path = OToDoItem.h; sourceTree = "<group>"; };
		5CAEE0CC163E513A00A9046B /* OToDoItem.m */ = {isa = PBXFileReference; fileEncoding = 4; lastKnownFileType = sourcecode.c.objc; path = OToDoItem.m; sourceTree = "<group>"; };
		5CAEE0CE163E513A00A9046B /* OMessageItem.h */ = {isa = PBXFileReference; fileEncoding = 4; lastKnownFileType = sourcecode.c.h; path = OMessageItem.h; sourceTree = "<group>"; };
		5CAEE0CF163E513A00A9046B /* OMessageItem.m */ = {isa = PBXFileReference; fileEncoding = 4; lastKnownFileType = sourcecode.c.objc; path = OMessageItem.m; sourceTree = "<group>"; };
		5CB7E93E15F38C1200FD53DF /* OSettingsViewController.h */ = {isa = PBXFileReference; fileEncoding = 4; lastKnownFileType = sourcecode.c.h; path = OSettingsViewController.h; sourceTree = "<group>"; };
		5CB7E93F15F38C1200FD53DF /* OSettingsViewController.m */ = {isa = PBXFileReference; fileEncoding = 4; lastKnownFileType = sourcecode.c.objc; path = OSettingsViewController.m; sourceTree = "<group>"; };
		5CB9FF5A15A1ED1B0035B896 /* OModalViewControllerDelegate.h */ = {isa = PBXFileReference; lastKnownFileType = sourcecode.c.h; path = OModalViewControllerDelegate.h; sourceTree = "<group>"; };
		5CBB63B4146080DF00A9133A /* OrigoApp.app */ = {isa = PBXFileReference; explicitFileType = wrapper.application; includeInIndex = 0; path = OrigoApp.app; sourceTree = BUILT_PRODUCTS_DIR; };
		5CBB63B8146080DF00A9133A /* UIKit.framework */ = {isa = PBXFileReference; lastKnownFileType = wrapper.framework; name = UIKit.framework; path = System/Library/Frameworks/UIKit.framework; sourceTree = SDKROOT; };
		5CBB63BA146080DF00A9133A /* Foundation.framework */ = {isa = PBXFileReference; lastKnownFileType = wrapper.framework; name = Foundation.framework; path = System/Library/Frameworks/Foundation.framework; sourceTree = SDKROOT; };
		5CBB63BC146080DF00A9133A /* CoreGraphics.framework */ = {isa = PBXFileReference; lastKnownFileType = wrapper.framework; name = CoreGraphics.framework; path = System/Library/Frameworks/CoreGraphics.framework; sourceTree = SDKROOT; };
		5CBB63C0146080DF00A9133A /* OrigoApp-Info.plist */ = {isa = PBXFileReference; lastKnownFileType = text.plist.xml; path = "OrigoApp-Info.plist"; sourceTree = "<group>"; };
		5CBB63C2146080DF00A9133A /* en */ = {isa = PBXFileReference; lastKnownFileType = text.plist.strings; name = en; path = en.lproj/InfoPlist.strings; sourceTree = "<group>"; };
		5CBB63C4146080DF00A9133A /* main.m */ = {isa = PBXFileReference; lastKnownFileType = sourcecode.c.objc; path = main.m; sourceTree = "<group>"; };
		5CBB63C6146080DF00A9133A /* OrigoApp-Prefix.pch */ = {isa = PBXFileReference; lastKnownFileType = sourcecode.c.h; path = "OrigoApp-Prefix.pch"; sourceTree = "<group>"; };
		5CBB63C7146080DF00A9133A /* OAppDelegate.h */ = {isa = PBXFileReference; lastKnownFileType = sourcecode.c.h; path = OAppDelegate.h; sourceTree = "<group>"; };
		5CBB63C8146080DF00A9133A /* OAppDelegate.m */ = {isa = PBXFileReference; lastKnownFileType = sourcecode.c.objc; path = OAppDelegate.m; sourceTree = "<group>"; };
		5CBB63D8146080E000A9133A /* OrigoAppTests.octest */ = {isa = PBXFileReference; explicitFileType = wrapper.cfbundle; includeInIndex = 0; path = OrigoAppTests.octest; sourceTree = BUILT_PRODUCTS_DIR; };
		5CBB63D9146080E000A9133A /* SenTestingKit.framework */ = {isa = PBXFileReference; lastKnownFileType = wrapper.framework; name = SenTestingKit.framework; path = Library/Frameworks/SenTestingKit.framework; sourceTree = DEVELOPER_DIR; };
		5CBB63E1146080E000A9133A /* OrigoAppTests-Info.plist */ = {isa = PBXFileReference; lastKnownFileType = text.plist.xml; path = "OrigoAppTests-Info.plist"; sourceTree = "<group>"; };
		5CBB63E3146080E000A9133A /* en */ = {isa = PBXFileReference; lastKnownFileType = text.plist.strings; name = en; path = en.lproj/InfoPlist.strings; sourceTree = "<group>"; };
		5CBB63E5146080E000A9133A /* OrigoAppTests.h */ = {isa = PBXFileReference; lastKnownFileType = sourcecode.c.h; path = OrigoAppTests.h; sourceTree = "<group>"; };
		5CBB63E6146080E000A9133A /* OrigoAppTests.m */ = {isa = PBXFileReference; lastKnownFileType = sourcecode.c.objc; path = OrigoAppTests.m; sourceTree = "<group>"; };
		5CBDF78A1659175000D4681C /* OTableViewCellConstrainer.h */ = {isa = PBXFileReference; fileEncoding = 4; lastKnownFileType = sourcecode.c.h; path = OTableViewCellConstrainer.h; sourceTree = "<group>"; };
		5CBDF78B1659175000D4681C /* OTableViewCellConstrainer.m */ = {isa = PBXFileReference; fileEncoding = 4; lastKnownFileType = sourcecode.c.objc; path = OTableViewCellConstrainer.m; sourceTree = "<group>"; };
		5CBE919E159909E200516C54 /* AudioToolbox.framework */ = {isa = PBXFileReference; lastKnownFileType = wrapper.framework; name = AudioToolbox.framework; path = System/Library/Frameworks/AudioToolbox.framework; sourceTree = SDKROOT; };
		5CBE91A11599823000516C54 /* UIFont+OrigoExtensions.h */ = {isa = PBXFileReference; fileEncoding = 4; lastKnownFileType = sourcecode.c.h; path = "UIFont+OrigoExtensions.h"; sourceTree = "<group>"; };
		5CBE91A21599823000516C54 /* UIFont+OrigoExtensions.m */ = {isa = PBXFileReference; fileEncoding = 4; lastKnownFileType = sourcecode.c.objc; path = "UIFont+OrigoExtensions.m"; sourceTree = "<group>"; };
		5CBE9C5114AB515F004FE2B7 /* NSString+OrigoExtensions.h */ = {isa = PBXFileReference; fileEncoding = 4; lastKnownFileType = sourcecode.c.h; path = "NSString+OrigoExtensions.h"; sourceTree = "<group>"; };
		5CBE9C5214AB515F004FE2B7 /* NSString+OrigoExtensions.m */ = {isa = PBXFileReference; fileEncoding = 4; lastKnownFileType = sourcecode.c.objc; path = "NSString+OrigoExtensions.m"; sourceTree = "<group>"; };
		5CCF08BD1463F12A00D41AB0 /* AVFoundation.framework */ = {isa = PBXFileReference; lastKnownFileType = wrapper.framework; name = AVFoundation.framework; path = System/Library/Frameworks/AVFoundation.framework; sourceTree = SDKROOT; };
		5CCF08FC1465D5D800D41AB0 /* Reachability.h */ = {isa = PBXFileReference; fileEncoding = 4; lastKnownFileType = sourcecode.c.h; path = Reachability.h; sourceTree = "<group>"; };
		5CCF08FD1465D5D900D41AB0 /* Reachability.m */ = {isa = PBXFileReference; fileEncoding = 4; lastKnownFileType = sourcecode.c.objc; path = Reachability.m; sourceTree = "<group>"; };
		5CCF09031465D91B00D41AB0 /* SystemConfiguration.framework */ = {isa = PBXFileReference; lastKnownFileType = wrapper.framework; name = SystemConfiguration.framework; path = System/Library/Frameworks/SystemConfiguration.framework; sourceTree = SDKROOT; };
		5CCF09051466A0CB00D41AB0 /* OLogging.h */ = {isa = PBXFileReference; fileEncoding = 4; lastKnownFileType = sourcecode.c.h; path = OLogging.h; sourceTree = "<group>"; };
		5CD3360C15C40A2F00ABBFE7 /* OState.h */ = {isa = PBXFileReference; fileEncoding = 4; lastKnownFileType = sourcecode.c.h; path = OState.h; sourceTree = "<group>"; };
		5CD3360D15C40A2F00ABBFE7 /* OState.m */ = {isa = PBXFileReference; fileEncoding = 4; lastKnownFileType = sourcecode.c.objc; path = OState.m; sourceTree = "<group>"; };
		5CD5B29B14D56F7A002021FB /* NSManagedObjectContext+OrigoExtensions.h */ = {isa = PBXFileReference; fileEncoding = 4; lastKnownFileType = sourcecode.c.h; path = "NSManagedObjectContext+OrigoExtensions.h"; sourceTree = "<group>"; };
		5CD5B29C14D56F7A002021FB /* NSManagedObjectContext+OrigoExtensions.m */ = {isa = PBXFileReference; fileEncoding = 4; lastKnownFileType = sourcecode.c.objc; path = "NSManagedObjectContext+OrigoExtensions.m"; sourceTree = "<group>"; };
		5CE987C214856426005A17C6 /* OCalendarViewController.h */ = {isa = PBXFileReference; fileEncoding = 4; lastKnownFileType = sourcecode.c.h; path = OCalendarViewController.h; sourceTree = "<group>"; };
		5CE987C314856426005A17C6 /* OCalendarViewController.m */ = {isa = PBXFileReference; fileEncoding = 4; lastKnownFileType = sourcecode.c.objc; path = OCalendarViewController.m; sourceTree = "<group>"; };
/* End PBXFileReference section */

/* Begin PBXFrameworksBuildPhase section */
		5CBB63B1146080DF00A9133A /* Frameworks */ = {
			isa = PBXFrameworksBuildPhase;
			buildActionMask = 2147483647;
			files = (
				5CBE919F159909E200516C54 /* AudioToolbox.framework in Frameworks */,
				5C50581814CA1D05000D6587 /* QuartzCore.framework in Frameworks */,
				5C36BE9914704E6800DD3CEA /* CoreData.framework in Frameworks */,
				5CCF09041465D91B00D41AB0 /* SystemConfiguration.framework in Frameworks */,
				5CBB63B9146080DF00A9133A /* UIKit.framework in Frameworks */,
				5CBB63BB146080DF00A9133A /* Foundation.framework in Frameworks */,
				5CBB63BD146080DF00A9133A /* CoreGraphics.framework in Frameworks */,
			);
			runOnlyForDeploymentPostprocessing = 0;
		};
		5CBB63D4146080E000A9133A /* Frameworks */ = {
			isa = PBXFrameworksBuildPhase;
			buildActionMask = 2147483647;
			files = (
				5CBB63DA146080E000A9133A /* SenTestingKit.framework in Frameworks */,
				5CBB63DB146080E000A9133A /* UIKit.framework in Frameworks */,
				5CBB63DC146080E000A9133A /* Foundation.framework in Frameworks */,
			);
			runOnlyForDeploymentPostprocessing = 0;
		};
/* End PBXFrameworksBuildPhase section */

/* Begin PBXGroup section */
		5C276E7A1475B9A800A6C500 /* Media */ = {
			isa = PBXGroup;
			children = (
				5C93DC741628100C009A66C4 /* Default-568h@2x.png */,
				5C629FF114C62133001DA01F /* 08-chat.png */,
				5C629FF214C62133001DA01F /* 08-chat@2x.png */,
				5C15BFC31635181C00BB5254 /* 10-arrows-in.png */,
				5C15BFC41635181C00BB5254 /* 10-arrows-in@2x.png */,
				5C15BFDD163805AD00BB5254 /* 10-arrows-in_black.png */,
				5C15BFDE163805AE00BB5254 /* 10-arrows-in_black@2x.png */,
				5C9B9094162E93BF004F530F /* 19-gear.png */,
				5C9B9095162E93BF004F530F /* 19-gear@2x.png */,
				5C15BFFD1638815300BB5254 /* 76-baby_black.png */,
				5C15BFF116385AB600BB5254 /* 76-baby_black@2x.png */,
				5C629FE914C61F98001DA01F /* 83-calendar.png */,
				5C629FEA14C61F98001DA01F /* 83-calendar@2x.png */,
				5C629FF914C62481001DA01F /* 258-checkmark.png */,
				5C629FFA14C62481001DA01F /* 258-checkmark@2x.png */,
				5C3A319514C61378001A783E /* dark_linen-640x960.png */,
				5C15BFAE16350CB300BB5254 /* glyphicons_003_user.png */,
				5C15BFAF16350CB300BB5254 /* glyphicons_003_user@2x.png */,
				5C15BFB716350FEE00BB5254 /* glyphicons_004_girl.png */,
				5C15BFB816350FEE00BB5254 /* glyphicons_004_girl@2x.png */,
				5C15BFF716386C6000BB5254 /* glyphicons_004_girl-as_boy.png */,
				5C15BFF816386C6000BB5254 /* glyphicons_004_girl-as_boy@2x.png */,
				5C15BFF316385D4800BB5254 /* glyphicons_020_home.png */,
				5C15BFF416385D4800BB5254 /* glyphicons_020_home@2x.png */,
				5C15BFB316350CCE00BB5254 /* glyphicons_035_woman.png */,
				5C15BFB416350CCE00BB5254 /* glyphicons_035_woman@2x.png */,
				5CA10B8D16A40BB500031D81 /* glyphicons_309_comments.png */,
				5CA10B8E16A40BB500031D81 /* glyphicons_309_comments@2x.png */,
			);
			name = Media;
			sourceTree = "<group>";
		};
		5C36BEA51471A05700DD3CEA /* Model */ = {
			isa = PBXGroup;
			children = (
				5C36BE9A1470507700DD3CEA /* OrigoApp.xcdatamodeld */,
				5CAEE0C5163E513A00A9046B /* ODevice.h */,
				5CAEE0C6163E513A00A9046B /* ODevice.m */,
				5CAEE0BC163E513A00A9046B /* ODocument.h */,
				5CAEE0BD163E513A00A9046B /* ODocument.m */,
				5CAEE08F163E513300A9046B /* ODocumentElement.h */,
				5CAEE090163E513300A9046B /* ODocumentElement.m */,
				5CAEE0C8163E513A00A9046B /* ODocumentRepository.h */,
				5CAEE0C9163E513A00A9046B /* ODocumentRepository.m */,
				5CAEE0B0163E513900A9046B /* OEvent.h */,
				5CAEE0B1163E513900A9046B /* OEvent.m */,
				5CAEE0A1163E513600A9046B /* OEventInvitation.h */,
				5CAEE0A2163E513600A9046B /* OEventInvitation.m */,
				5CAEE0A4163E513600A9046B /* OEventOrigoInvitation.h */,
				5CAEE0A5163E513700A9046B /* OEventOrigoInvitation.m */,
				5CAEE09E163E513500A9046B /* OExternalDocument.h */,
				5CAEE09F163E513500A9046B /* OExternalDocument.m */,
				5C6C4B7B16CCE0BB00C88E6C /* OMember.h */,
				5C6C4B7C16CCE0BB00C88E6C /* OMember.m */,
				5CAEE0AA163E513800A9046B /* OMemberResidency.h */,
				5CAEE0AB163E513800A9046B /* OMemberResidency.m */,
				5C6C4B7516CCD0E800C88E6C /* OMembership.h */,
				5C6C4B7616CCD0E800C88E6C /* OMembership.m */,
				5CAEE092163E513400A9046B /* OMessageBoard.h */,
				5CAEE093163E513400A9046B /* OMessageBoard.m */,
				5CAEE0CE163E513A00A9046B /* OMessageItem.h */,
				5CAEE0CF163E513A00A9046B /* OMessageItem.m */,
				5CAEE0B9163E513900A9046B /* OMessageThread.h */,
				5CAEE0BA163E513A00A9046B /* OMessageThread.m */,
				5C198B7416DB9100002D3976 /* OOrigo.h */,
				5C198B7516DB9101002D3976 /* OOrigo.m */,
				5C6261AD16BA9E6B0026D148 /* OReplicatedEntity.h */,
				5C6261AE16BA9E6B0026D148 /* OReplicatedEntity.m */,
				5C6C4B6916CC027600C88E6C /* OReplicatedEntityRef.h */,
				5C6C4B6A16CC027600C88E6C /* OReplicatedEntityRef.m */,
				5CAEE0C2163E513A00A9046B /* OScheduledAbsence.h */,
				5CAEE0C3163E513A00A9046B /* OScheduledAbsence.m */,
				5CAEE098163E513400A9046B /* OScheduledBreak.h */,
				5CAEE099163E513400A9046B /* OScheduledBreak.m */,
				5CAEE09B163E513500A9046B /* OToDoAssignment.h */,
				5CAEE09C163E513500A9046B /* OToDoAssignment.m */,
				5CAEE0CB163E513A00A9046B /* OToDoItem.h */,
				5CAEE0CC163E513A00A9046B /* OToDoItem.m */,
				5CAEE0A7163E513700A9046B /* OWeeklyScheduleItem.h */,
				5CAEE0A8163E513700A9046B /* OWeeklyScheduleItem.m */,
				5CAEE0AD163E513900A9046B /* OYearlySchedule.h */,
				5CAEE0AE163E513900A9046B /* OYearlySchedule.m */,
			);
			name = Model;
			sourceTree = "<group>";
		};
		5C4F9766149529BF006E244F /* Cocoa Categories */ = {
			isa = PBXGroup;
			children = (
				5CA94D9D15836BD9008CD9EC /* NSDate+OrigoExtensions.h */,
				5CA94D9E15836BD9008CD9EC /* NSDate+OrigoExtensions.m */,
				5C9D3146151F1A0100DF6EB0 /* NSJSONSerialization+OrigoExtensions.h */,
				5C9D3147151F1A0100DF6EB0 /* NSJSONSerialization+OrigoExtensions.m */,
				5CD5B29B14D56F7A002021FB /* NSManagedObjectContext+OrigoExtensions.h */,
				5CD5B29C14D56F7A002021FB /* NSManagedObjectContext+OrigoExtensions.m */,
				5CBE9C5114AB515F004FE2B7 /* NSString+OrigoExtensions.h */,
				5CBE9C5214AB515F004FE2B7 /* NSString+OrigoExtensions.m */,
				5C4F97791496AF88006E244F /* NSURL+OrigoExtensions.h */,
				5C4F977A1496AF88006E244F /* NSURL+OrigoExtensions.m */,
				5C1A81BB1645CE22003DCCAF /* UIBarButtonItem+OrigoExtensions.h */,
				5C1A81BC1645CE22003DCCAF /* UIBarButtonItem+OrigoExtensions.m */,
				5C4955F4157D469000F2A885 /* UIColor+OrigoExtensions.h */,
				5C4955F5157D469000F2A885 /* UIColor+OrigoExtensions.m */,
				5CA94D9915834A9E008CD9EC /* UIDatePicker+OrigoExtensions.h */,
				5CA94D9A15834A9E008CD9EC /* UIDatePicker+OrigoExtensions.m */,
				5CBE91A11599823000516C54 /* UIFont+OrigoExtensions.h */,
				5CBE91A21599823000516C54 /* UIFont+OrigoExtensions.m */,
				5C6E6C111589AC820002FF84 /* UITableView+OrigoExtensions.h */,
				5C6E6C121589AC820002FF84 /* UITableView+OrigoExtensions.m */,
				5C50581A14CAEC76000D6587 /* UIView+OrigoExtensions.h */,
				5C50581B14CAEC76000D6587 /* UIView+OrigoExtensions.m */,
			);
			name = "Cocoa Categories";
			sourceTree = "<group>";
		};
		5C5ED5CB14F2E95B006BBDFB /* Model Categories */ = {
			isa = PBXGroup;
			children = (
				5C3374811563FBE200DEF67D /* OMember+OrigoExtensions.h */,
				5C3374821563FBE200DEF67D /* OMember+OrigoExtensions.m */,
				5C83DF851543EC8600BB0B29 /* OMemberResidency+OrigoExtensions.h */,
				5C83DF861543EC8600BB0B29 /* OMemberResidency+OrigoExtensions.m */,
				5C2E6B7C15A8501800638330 /* OMembership+OrigoExtensions.h */,
				5C2E6B7D15A8501800638330 /* OMembership+OrigoExtensions.m */,
				5C83DF7F153F59B800BB0B29 /* OOrigo+OrigoExtensions.h */,
				5C83DF80153F59B800BB0B29 /* OOrigo+OrigoExtensions.m */,
				5C5ED5CC14F2E9FE006BBDFB /* OReplicatedEntity+OrigoExtensions.h */,
				5C5ED5CD14F2E9FE006BBDFB /* OReplicatedEntity+OrigoExtensions.m */,
			);
			name = "Model Categories";
			sourceTree = "<group>";
		};
		5CB49DCD14881E98006EA2F8 /* Protocols */ = {
			isa = PBXGroup;
			children = (
				5C39EC1C166632570083DFEB /* OEntityObservingDelegate.h */,
				5CB9FF5A15A1ED1B0035B896 /* OModalViewControllerDelegate.h */,
				5C2E1133146ACFA9005BDE61 /* OServerConnectionDelegate.h */,
				5CA10B9E16A7F9FD00031D81 /* OTableViewControllerInstance.h */,
				5C198B7016D63944002D3976 /* OTableViewListCellDelegate.h */,
			);
			name = Protocols;
			sourceTree = "<group>";
		};
		5CB49DCE14881EC6006EA2F8 /* View Controllers */ = {
			isa = PBXGroup;
			children = (
				5C26291C158F27860012A74A /* OAuthViewController.h */,
				5C26291D158F27860012A74A /* OAuthViewController.m */,
				5CE987C214856426005A17C6 /* OCalendarViewController.h */,
				5CE987C314856426005A17C6 /* OCalendarViewController.m */,
				5C629FEE14C62038001DA01F /* OMemberListViewController.h */,
				5C629FEF14C62038001DA01F /* OMemberListViewController.m */,
				5C8B3AB415813DBB000B19FA /* OMemberViewController.h */,
				5C8B3AB515813DBB000B19FA /* OMemberViewController.m */,
				5C629FFD14C624AD001DA01F /* OMessageBoardViewController.h */,
				5C629FFE14C624AD001DA01F /* OMessageBoardViewController.m */,
				5C3D42801485678E009A68E0 /* OOrigoListViewController.h */,
				5C3D42811485678F009A68E0 /* OOrigoListViewController.m */,
				5C2262C215A0B47B00241C5F /* OOrigoViewController.h */,
				5C2262C315A0B47B00241C5F /* OOrigoViewController.m */,
				5CB7E93E15F38C1200FD53DF /* OSettingsViewController.h */,
				5CB7E93F15F38C1200FD53DF /* OSettingsViewController.m */,
				5C62A00014C6252C001DA01F /* OTaskListViewController.h */,
				5C62A00114C6252C001DA01F /* OTaskListViewController.m */,
			);
			name = "View Controllers";
			sourceTree = "<group>";
		};
		5CB49DD014881F36006EA2F8 /* Auxiliary Classes */ = {
			isa = PBXGroup;
			children = (
				5C014A2215CA77310040A1D9 /* OAlert.h */,
				5C014A2315CA77310040A1D9 /* OAlert.m */,
				5C47154F16E2231C000D8A86 /* OEntityReplicator.h */,
				5C47155016E2231C000D8A86 /* OEntityReplicator.m */,
				5CCF09051466A0CB00D41AB0 /* OLogging.h */,
				5C36BE88146E9DA100DD3CEA /* OMeta.h */,
				5C36BE89146E9DA100DD3CEA /* OMeta.m */,
				5C2E11121469CDE5005BDE61 /* OServerConnection.h */,
				5C2E11131469CDE5005BDE61 /* OServerConnection.m */,
				5CD3360C15C40A2F00ABBFE7 /* OState.h */,
				5CD3360D15C40A2F00ABBFE7 /* OState.m */,
				5C23431014812A3000164478 /* OStrings.h */,
				5C23431114812A3000164478 /* OStrings.m */,
				5C198B7116D76343002D3976 /* OTableViewCellBlueprint.h */,
				5C198B7216D76343002D3976 /* OTableViewCellBlueprint.m */,
				5CBDF78A1659175000D4681C /* OTableViewCellConstrainer.h */,
				5CBDF78B1659175000D4681C /* OTableViewCellConstrainer.m */,
				5C3C665A14F56D6800514C57 /* OUUIDGenerator.h */,
				5C3C665B14F56D6800514C57 /* OUUIDGenerator.m */,
			);
			name = "Auxiliary Classes";
			sourceTree = "<group>";
		};
		5CB49DD114882012006EA2F8 /* Third Party */ = {
			isa = PBXGroup;
			children = (
				5CCF08FC1465D5D800D41AB0 /* Reachability.h */,
				5CCF08FD1465D5D900D41AB0 /* Reachability.m */,
			);
			name = "Third Party";
			sourceTree = "<group>";
		};
		5CBB63A9146080DD00A9133A = {
			isa = PBXGroup;
			children = (
				5CBB63BE146080DF00A9133A /* OrigoApp */,
				5CBB63DF146080E000A9133A /* OrigoAppTests */,
				5CBB63B7146080DF00A9133A /* Frameworks */,
				5CBB63B5146080DF00A9133A /* Products */,
			);
			sourceTree = "<group>";
		};
		5CBB63B5146080DF00A9133A /* Products */ = {
			isa = PBXGroup;
			children = (
				5CBB63B4146080DF00A9133A /* OrigoApp.app */,
				5CBB63D8146080E000A9133A /* OrigoAppTests.octest */,
			);
			name = Products;
			sourceTree = "<group>";
		};
		5CBB63B7146080DF00A9133A /* Frameworks */ = {
			isa = PBXGroup;
			children = (
				5CBE919E159909E200516C54 /* AudioToolbox.framework */,
				5C50581714CA1D05000D6587 /* QuartzCore.framework */,
				5C36BE9814704E6800DD3CEA /* CoreData.framework */,
				5CCF09031465D91B00D41AB0 /* SystemConfiguration.framework */,
				5CCF08BD1463F12A00D41AB0 /* AVFoundation.framework */,
				5CBB63BC146080DF00A9133A /* CoreGraphics.framework */,
				5CBB63BA146080DF00A9133A /* Foundation.framework */,
				5CBB63B8146080DF00A9133A /* UIKit.framework */,
				5CBB63D9146080E000A9133A /* SenTestingKit.framework */,
			);
			name = Frameworks;
			sourceTree = "<group>";
		};
		5CBB63BE146080DF00A9133A /* OrigoApp */ = {
			isa = PBXGroup;
			children = (
				5C71DE0514829E02001D90C6 /* MainStoryboard_iPhone.storyboard */,
				5CBB63C7146080DF00A9133A /* OAppDelegate.h */,
				5CBB63C8146080DF00A9133A /* OAppDelegate.m */,
				5CB49DD014881F36006EA2F8 /* Auxiliary Classes */,
				5C4F9766149529BF006E244F /* Cocoa Categories */,
				5CE85DA5157FF2940060B4DF /* Cocoa Subclasses */,
				5C36BEA51471A05700DD3CEA /* Model */,
				5C5ED5CB14F2E95B006BBDFB /* Model Categories */,
				5CB49DCD14881E98006EA2F8 /* Protocols */,
				5CB49DCE14881EC6006EA2F8 /* View Controllers */,
				5CB49DD114882012006EA2F8 /* Third Party */,
				5CBB63BF146080DF00A9133A /* Supporting Files */,
			);
			path = OrigoApp;
			sourceTree = "<group>";
		};
		5CBB63BF146080DF00A9133A /* Supporting Files */ = {
			isa = PBXGroup;
			children = (
				5CBB63C0146080DF00A9133A /* OrigoApp-Info.plist */,
				5CBB63C1146080DF00A9133A /* InfoPlist.strings */,
				5CBB63C4146080DF00A9133A /* main.m */,
				5CBB63C6146080DF00A9133A /* OrigoApp-Prefix.pch */,
				5C276E7A1475B9A800A6C500 /* Media */,
			);
			name = "Supporting Files";
			sourceTree = "<group>";
		};
		5CBB63DF146080E000A9133A /* OrigoAppTests */ = {
			isa = PBXGroup;
			children = (
				5CBB63E5146080E000A9133A /* OrigoAppTests.h */,
				5CBB63E6146080E000A9133A /* OrigoAppTests.m */,
				5CBB63E0146080E000A9133A /* Supporting Files */,
			);
			path = OrigoAppTests;
			sourceTree = "<group>";
		};
		5CBB63E0146080E000A9133A /* Supporting Files */ = {
			isa = PBXGroup;
			children = (
				5CBB63E1146080E000A9133A /* OrigoAppTests-Info.plist */,
				5CBB63E2146080E000A9133A /* InfoPlist.strings */,
			);
			name = "Supporting Files";
			sourceTree = "<group>";
		};
		5CE85DA5157FF2940060B4DF /* Cocoa Subclasses */ = {
			isa = PBXGroup;
			children = (
				5C15BFC716367BC900BB5254 /* OTabBarController.h */,
				5C15BFC816367BC900BB5254 /* OTabBarController.m */,
				5C8B3AB81582493C000B19FA /* OTableViewCell.h */,
				5C8B3AB91582493C000B19FA /* OTableViewCell.m */,
				5CA10B9A16A7F49F00031D81 /* OTableViewController.h */,
				5CA10B9B16A7F49F00031D81 /* OTableViewController.m */,
				5C7379FB1593111B0065AB4F /* OTextField.h */,
				5C7379FC1593111B0065AB4F /* OTextField.m */,
				5C78FAB81654E77E009A4BCF /* OTextView.h */,
				5C78FAB91654E77E009A4BCF /* OTextView.m */,
			);
			name = "Cocoa Subclasses";
			sourceTree = "<group>";
		};
/* End PBXGroup section */

/* Begin PBXNativeTarget section */
		5CBB63B3146080DF00A9133A /* OrigoApp */ = {
			isa = PBXNativeTarget;
			buildConfigurationList = 5CBB63EA146080E000A9133A /* Build configuration list for PBXNativeTarget "OrigoApp" */;
			buildPhases = (
				5CBB63B0146080DF00A9133A /* Sources */,
				5CBB63B1146080DF00A9133A /* Frameworks */,
				5CBB63B2146080DF00A9133A /* Resources */,
			);
			buildRules = (
			);
			dependencies = (
			);
			name = OrigoApp;
			productName = OrigoApp;
			productReference = 5CBB63B4146080DF00A9133A /* OrigoApp.app */;
			productType = "com.apple.product-type.application";
		};
		5CBB63D7146080E000A9133A /* OrigoAppTests */ = {
			isa = PBXNativeTarget;
			buildConfigurationList = 5CBB63ED146080E000A9133A /* Build configuration list for PBXNativeTarget "OrigoAppTests" */;
			buildPhases = (
				5CBB63D3146080E000A9133A /* Sources */,
				5CBB63D4146080E000A9133A /* Frameworks */,
				5CBB63D5146080E000A9133A /* Resources */,
				5CBB63D6146080E000A9133A /* ShellScript */,
			);
			buildRules = (
			);
			dependencies = (
				5CBB63DE146080E000A9133A /* PBXTargetDependency */,
			);
			name = OrigoAppTests;
			productName = OrigoAppTests;
			productReference = 5CBB63D8146080E000A9133A /* OrigoAppTests.octest */;
			productType = "com.apple.product-type.bundle";
		};
/* End PBXNativeTarget section */

/* Begin PBXProject section */
		5CBB63AB146080DD00A9133A /* Project object */ = {
			isa = PBXProject;
			attributes = {
				LastUpgradeCheck = 0460;
				ORGANIZATIONNAME = "Rhelba Creations";
			};
			buildConfigurationList = 5CBB63AE146080DD00A9133A /* Build configuration list for PBXProject "OrigoApp" */;
			compatibilityVersion = "Xcode 3.2";
			developmentRegion = English;
			hasScannedForEncodings = 0;
			knownRegions = (
				en,
				nb,
				de,
				fr,
				es,
				sv,
				da,
			);
			mainGroup = 5CBB63A9146080DD00A9133A;
			productRefGroup = 5CBB63B5146080DF00A9133A /* Products */;
			projectDirPath = "";
			projectRoot = "";
			targets = (
				5CBB63B3146080DF00A9133A /* OrigoApp */,
				5CBB63D7146080E000A9133A /* OrigoAppTests */,
			);
		};
/* End PBXProject section */

/* Begin PBXResourcesBuildPhase section */
		5CBB63B2146080DF00A9133A /* Resources */ = {
			isa = PBXResourcesBuildPhase;
			buildActionMask = 2147483647;
			files = (
				5CBB63C3146080DF00A9133A /* InfoPlist.strings in Resources */,
				5C71DE0414829E02001D90C6 /* MainStoryboard_iPhone.storyboard in Resources */,
				5C3A319614C61378001A783E /* dark_linen-640x960.png in Resources */,
				5C629FEB14C61F98001DA01F /* 83-calendar.png in Resources */,
				5C629FEC14C61F98001DA01F /* 83-calendar@2x.png in Resources */,
				5C629FF314C62133001DA01F /* 08-chat.png in Resources */,
				5C629FF414C62133001DA01F /* 08-chat@2x.png in Resources */,
				5C629FFB14C62481001DA01F /* 258-checkmark.png in Resources */,
				5C629FFC14C62481001DA01F /* 258-checkmark@2x.png in Resources */,
				5C93DC751628100C009A66C4 /* Default-568h@2x.png in Resources */,
				5C9B9096162E93BF004F530F /* 19-gear.png in Resources */,
				5C9B9097162E93BF004F530F /* 19-gear@2x.png in Resources */,
				5C15BFB016350CB300BB5254 /* glyphicons_003_user.png in Resources */,
				5C15BFB116350CB300BB5254 /* glyphicons_003_user@2x.png in Resources */,
				5C15BFB516350CCE00BB5254 /* glyphicons_035_woman.png in Resources */,
				5C15BFB616350CCE00BB5254 /* glyphicons_035_woman@2x.png in Resources */,
				5C15BFB916350FEE00BB5254 /* glyphicons_004_girl.png in Resources */,
				5C15BFBA16350FEE00BB5254 /* glyphicons_004_girl@2x.png in Resources */,
				5C15BFC51635181C00BB5254 /* 10-arrows-in.png in Resources */,
				5C15BFC61635181C00BB5254 /* 10-arrows-in@2x.png in Resources */,
				5C15BFDF163805AE00BB5254 /* 10-arrows-in_black.png in Resources */,
				5C15BFE0163805AE00BB5254 /* 10-arrows-in_black@2x.png in Resources */,
				5C15BFF216385AB700BB5254 /* 76-baby_black@2x.png in Resources */,
				5C15BFF516385D4800BB5254 /* glyphicons_020_home.png in Resources */,
				5C15BFF616385D4800BB5254 /* glyphicons_020_home@2x.png in Resources */,
				5C15BFF916386C6100BB5254 /* glyphicons_004_girl-as_boy.png in Resources */,
				5C15BFFA16386C6100BB5254 /* glyphicons_004_girl-as_boy@2x.png in Resources */,
				5C15BFFE1638815300BB5254 /* 76-baby_black.png in Resources */,
				5CA10B8F16A40BB500031D81 /* glyphicons_309_comments.png in Resources */,
				5CA10B9016A40BB500031D81 /* glyphicons_309_comments@2x.png in Resources */,
			);
			runOnlyForDeploymentPostprocessing = 0;
		};
		5CBB63D5146080E000A9133A /* Resources */ = {
			isa = PBXResourcesBuildPhase;
			buildActionMask = 2147483647;
			files = (
				5CBB63E4146080E000A9133A /* InfoPlist.strings in Resources */,
			);
			runOnlyForDeploymentPostprocessing = 0;
		};
/* End PBXResourcesBuildPhase section */

/* Begin PBXShellScriptBuildPhase section */
		5CBB63D6146080E000A9133A /* ShellScript */ = {
			isa = PBXShellScriptBuildPhase;
			buildActionMask = 2147483647;
			files = (
			);
			inputPaths = (
			);
			outputPaths = (
			);
			runOnlyForDeploymentPostprocessing = 0;
			shellPath = /bin/sh;
			shellScript = "# Run the unit tests in this test bundle.\n\"${SYSTEM_DEVELOPER_DIR}/Tools/RunUnitTests\"\n";
		};
/* End PBXShellScriptBuildPhase section */

/* Begin PBXSourcesBuildPhase section */
		5CBB63B0146080DF00A9133A /* Sources */ = {
			isa = PBXSourcesBuildPhase;
			buildActionMask = 2147483647;
			files = (
				5CBB63C5146080DF00A9133A /* main.m in Sources */,
				5CBB63C9146080DF00A9133A /* OAppDelegate.m in Sources */,
				5CCF08FE1465D5D900D41AB0 /* Reachability.m in Sources */,
				5C2E11141469CDE5005BDE61 /* OServerConnection.m in Sources */,
				5C36BE8A146E9DA100DD3CEA /* OMeta.m in Sources */,
				5C36BE9C1470507700DD3CEA /* OrigoApp.xcdatamodeld in Sources */,
				5C23431214812A3100164478 /* OStrings.m in Sources */,
				5CE987C414856426005A17C6 /* OCalendarViewController.m in Sources */,
				5C3D42821485678F009A68E0 /* OOrigoListViewController.m in Sources */,
				5C4F977B1496AF88006E244F /* NSURL+OrigoExtensions.m in Sources */,
				5CBE9C5314AB5160004FE2B7 /* NSString+OrigoExtensions.m in Sources */,
				5C629FF014C62038001DA01F /* OMemberListViewController.m in Sources */,
				5C629FFF14C624AD001DA01F /* OMessageBoardViewController.m in Sources */,
				5C62A00214C6252C001DA01F /* OTaskListViewController.m in Sources */,
				5C50581C14CAEC76000D6587 /* UIView+OrigoExtensions.m in Sources */,
				5CD5B29D14D56F7A002021FB /* NSManagedObjectContext+OrigoExtensions.m in Sources */,
				5C5ED5CE14F2E9FE006BBDFB /* OReplicatedEntity+OrigoExtensions.m in Sources */,
				5C3C665C14F56D6800514C57 /* OUUIDGenerator.m in Sources */,
				5C9D3148151F1A0100DF6EB0 /* NSJSONSerialization+OrigoExtensions.m in Sources */,
				5C83DF81153F59B800BB0B29 /* OOrigo+OrigoExtensions.m in Sources */,
				5C83DF871543EC8600BB0B29 /* OMemberResidency+OrigoExtensions.m in Sources */,
				5C3374831563FBE200DEF67D /* OMember+OrigoExtensions.m in Sources */,
				5C4955F6157D469000F2A885 /* UIColor+OrigoExtensions.m in Sources */,
				5C8B3AB615813DBB000B19FA /* OMemberViewController.m in Sources */,
				5C8B3ABA1582493D000B19FA /* OTableViewCell.m in Sources */,
				5CA94D9B15834A9E008CD9EC /* UIDatePicker+OrigoExtensions.m in Sources */,
				5CA94D9F15836BD9008CD9EC /* NSDate+OrigoExtensions.m in Sources */,
				5C6E6C131589AC820002FF84 /* UITableView+OrigoExtensions.m in Sources */,
				5C26291E158F27860012A74A /* OAuthViewController.m in Sources */,
				5C7379FD1593111B0065AB4F /* OTextField.m in Sources */,
				5CBE91A31599823000516C54 /* UIFont+OrigoExtensions.m in Sources */,
				5C2262C415A0B47B00241C5F /* OOrigoViewController.m in Sources */,
				5C2E6B7E15A8501800638330 /* OMembership+OrigoExtensions.m in Sources */,
				5CD3360E15C40A2F00ABBFE7 /* OState.m in Sources */,
				5C014A2415CA77320040A1D9 /* OAlert.m in Sources */,
				5CB7E94015F38C1200FD53DF /* OSettingsViewController.m in Sources */,
				5C15BFC916367BCA00BB5254 /* OTabBarController.m in Sources */,
				5CAEE091163E513300A9046B /* ODocumentElement.m in Sources */,
				5CAEE094163E513400A9046B /* OMessageBoard.m in Sources */,
				5CAEE09A163E513400A9046B /* OScheduledBreak.m in Sources */,
				5CAEE09D163E513500A9046B /* OToDoAssignment.m in Sources */,
				5CAEE0A0163E513600A9046B /* OExternalDocument.m in Sources */,
				5CAEE0A3163E513600A9046B /* OEventInvitation.m in Sources */,
				5CAEE0A6163E513700A9046B /* OEventOrigoInvitation.m in Sources */,
				5CAEE0A9163E513700A9046B /* OWeeklyScheduleItem.m in Sources */,
				5CAEE0AC163E513900A9046B /* OMemberResidency.m in Sources */,
				5CAEE0AF163E513900A9046B /* OYearlySchedule.m in Sources */,
				5CAEE0B2163E513900A9046B /* OEvent.m in Sources */,
				5CAEE0BB163E513A00A9046B /* OMessageThread.m in Sources */,
				5CAEE0BE163E513A00A9046B /* ODocument.m in Sources */,
				5CAEE0C4163E513A00A9046B /* OScheduledAbsence.m in Sources */,
				5CAEE0C7163E513A00A9046B /* ODevice.m in Sources */,
				5CAEE0CA163E513A00A9046B /* ODocumentRepository.m in Sources */,
				5CAEE0CD163E513A00A9046B /* OToDoItem.m in Sources */,
				5CAEE0D0163E513A00A9046B /* OMessageItem.m in Sources */,
				5C1A81BD1645CE22003DCCAF /* UIBarButtonItem+OrigoExtensions.m in Sources */,
				5C78FABA1654E77E009A4BCF /* OTextView.m in Sources */,
				5CBDF78C1659175000D4681C /* OTableViewCellConstrainer.m in Sources */,
				5CA10B9C16A7F49F00031D81 /* OTableViewController.m in Sources */,
				5C6261AF16BA9E6B0026D148 /* OReplicatedEntity.m in Sources */,
				5C6C4B6B16CC027600C88E6C /* OReplicatedEntityRef.m in Sources */,
				5C6C4B7716CCD0E900C88E6C /* OMembership.m in Sources */,
				5C6C4B7D16CCE0BB00C88E6C /* OMember.m in Sources */,
				5C198B7316D76344002D3976 /* OTableViewCellBlueprint.m in Sources */,
				5C198B7616DB9101002D3976 /* OOrigo.m in Sources */,
				5C47155116E2231C000D8A86 /* OEntityReplicator.m in Sources */,
			);
			runOnlyForDeploymentPostprocessing = 0;
		};
		5CBB63D3146080E000A9133A /* Sources */ = {
			isa = PBXSourcesBuildPhase;
			buildActionMask = 2147483647;
			files = (
				5CBB63E7146080E000A9133A /* OrigoAppTests.m in Sources */,
			);
			runOnlyForDeploymentPostprocessing = 0;
		};
/* End PBXSourcesBuildPhase section */

/* Begin PBXTargetDependency section */
		5CBB63DE146080E000A9133A /* PBXTargetDependency */ = {
			isa = PBXTargetDependency;
			target = 5CBB63B3146080DF00A9133A /* OrigoApp */;
			targetProxy = 5CBB63DD146080E000A9133A /* PBXContainerItemProxy */;
		};
/* End PBXTargetDependency section */

/* Begin PBXVariantGroup section */
		5CBB63C1146080DF00A9133A /* InfoPlist.strings */ = {
			isa = PBXVariantGroup;
			children = (
				5CBB63C2146080DF00A9133A /* en */,
			);
			name = InfoPlist.strings;
			sourceTree = "<group>";
		};
		5CBB63E2146080E000A9133A /* InfoPlist.strings */ = {
			isa = PBXVariantGroup;
			children = (
				5CBB63E3146080E000A9133A /* en */,
			);
			name = InfoPlist.strings;
			sourceTree = "<group>";
		};
/* End PBXVariantGroup section */

/* Begin XCBuildConfiguration section */
		5CBB63E8146080E000A9133A /* Debug */ = {
			isa = XCBuildConfiguration;
			buildSettings = {
				ALWAYS_SEARCH_USER_PATHS = NO;
				ARCHS = "$(ARCHS_STANDARD_32_BIT)";
				CLANG_ENABLE_OBJC_ARC = YES;
				CLANG_WARN_CONSTANT_CONVERSION = YES;
				CLANG_WARN_ENUM_CONVERSION = YES;
				CLANG_WARN_INT_CONVERSION = YES;
				CLANG_WARN__DUPLICATE_METHOD_MATCH = YES;
				"CODE_SIGN_IDENTITY[sdk=iphoneos*]" = "iPhone Developer";
				COPY_PHASE_STRIP = NO;
				GCC_C_LANGUAGE_STANDARD = gnu99;
				GCC_DYNAMIC_NO_PIC = NO;
				GCC_OPTIMIZATION_LEVEL = 0;
				GCC_PREPROCESSOR_DEFINITIONS = (
					"DEBUG=1",
					"$(inherited)",
				);
				GCC_SYMBOLS_PRIVATE_EXTERN = NO;
				GCC_VERSION = com.apple.compilers.llvm.clang.1_0;
				GCC_WARN_ABOUT_MISSING_PROTOTYPES = YES;
				GCC_WARN_ABOUT_RETURN_TYPE = YES;
				GCC_WARN_UNINITIALIZED_AUTOS = YES;
				GCC_WARN_UNUSED_FUNCTION = NO;
				GCC_WARN_UNUSED_VARIABLE = YES;
				IPHONEOS_DEPLOYMENT_TARGET = 5.0;
				SDKROOT = iphoneos;
				TARGETED_DEVICE_FAMILY = "1,2";
			};
			name = Debug;
		};
		5CBB63E9146080E000A9133A /* Release */ = {
			isa = XCBuildConfiguration;
			buildSettings = {
				ALWAYS_SEARCH_USER_PATHS = NO;
				ARCHS = "$(ARCHS_STANDARD_32_BIT)";
				CLANG_ENABLE_OBJC_ARC = YES;
				CLANG_WARN_CONSTANT_CONVERSION = YES;
				CLANG_WARN_ENUM_CONVERSION = YES;
				CLANG_WARN_INT_CONVERSION = YES;
				CLANG_WARN__DUPLICATE_METHOD_MATCH = YES;
				"CODE_SIGN_IDENTITY[sdk=iphoneos*]" = "iPhone Developer";
				COPY_PHASE_STRIP = YES;
				GCC_C_LANGUAGE_STANDARD = gnu99;
				GCC_VERSION = com.apple.compilers.llvm.clang.1_0;
				GCC_WARN_ABOUT_MISSING_PROTOTYPES = YES;
				GCC_WARN_ABOUT_RETURN_TYPE = YES;
				GCC_WARN_UNINITIALIZED_AUTOS = YES;
				GCC_WARN_UNUSED_FUNCTION = NO;
				GCC_WARN_UNUSED_VARIABLE = YES;
				IPHONEOS_DEPLOYMENT_TARGET = 5.0;
				OTHER_CFLAGS = "-DNS_BLOCK_ASSERTIONS=1";
				SDKROOT = iphoneos;
				TARGETED_DEVICE_FAMILY = "1,2";
				VALIDATE_PRODUCT = YES;
			};
			name = Release;
		};
		5CBB63EB146080E000A9133A /* Debug */ = {
			isa = XCBuildConfiguration;
			buildSettings = {
				GCC_PRECOMPILE_PREFIX_HEADER = YES;
				GCC_PREFIX_HEADER = "OrigoApp/OrigoApp-Prefix.pch";
				INFOPLIST_FILE = "OrigoApp/OrigoApp-Info.plist";
				IPHONEOS_DEPLOYMENT_TARGET = 6.0;
				PRODUCT_NAME = OrigoApp;
				WRAPPER_EXTENSION = app;
			};
			name = Debug;
		};
		5CBB63EC146080E000A9133A /* Release */ = {
			isa = XCBuildConfiguration;
			buildSettings = {
				GCC_PRECOMPILE_PREFIX_HEADER = YES;
				GCC_PREFIX_HEADER = "OrigoApp/OrigoApp-Prefix.pch";
				INFOPLIST_FILE = "OrigoApp/OrigoApp-Info.plist";
				IPHONEOS_DEPLOYMENT_TARGET = 6.0;
				PRODUCT_NAME = OrigoApp;
				WRAPPER_EXTENSION = app;
			};
			name = Release;
		};
		5CBB63EE146080E000A9133A /* Debug */ = {
			isa = XCBuildConfiguration;
			buildSettings = {
				BUNDLE_LOADER = "$(BUILT_PRODUCTS_DIR)/OrigoApp.app/OrigoApp";
				FRAMEWORK_SEARCH_PATHS = (
					"$(SDKROOT)/Developer/Library/Frameworks",
					"$(DEVELOPER_LIBRARY_DIR)/Frameworks",
				);
				GCC_PRECOMPILE_PREFIX_HEADER = YES;
				GCC_PREFIX_HEADER = "OrigoApp/OrigoApp-Prefix.pch";
				INFOPLIST_FILE = "OrigoAppTests/OrigoAppTests-Info.plist";
				PRODUCT_NAME = OrigoAppTests;
				TEST_HOST = "$(BUNDLE_LOADER)";
				WRAPPER_EXTENSION = octest;
			};
			name = Debug;
		};
		5CBB63EF146080E000A9133A /* Release */ = {
			isa = XCBuildConfiguration;
			buildSettings = {
				BUNDLE_LOADER = "$(BUILT_PRODUCTS_DIR)/OrigoApp.app/OrigoApp";
				FRAMEWORK_SEARCH_PATHS = (
					"$(SDKROOT)/Developer/Library/Frameworks",
					"$(DEVELOPER_LIBRARY_DIR)/Frameworks",
				);
				GCC_PRECOMPILE_PREFIX_HEADER = YES;
				GCC_PREFIX_HEADER = "OrigoApp/OrigoApp-Prefix.pch";
				INFOPLIST_FILE = "OrigoAppTests/OrigoAppTests-Info.plist";
				PRODUCT_NAME = OrigoAppTests;
				TEST_HOST = "$(BUNDLE_LOADER)";
				WRAPPER_EXTENSION = octest;
			};
			name = Release;
		};
/* End XCBuildConfiguration section */

/* Begin XCConfigurationList section */
		5CBB63AE146080DD00A9133A /* Build configuration list for PBXProject "OrigoApp" */ = {
			isa = XCConfigurationList;
			buildConfigurations = (
				5CBB63E8146080E000A9133A /* Debug */,
				5CBB63E9146080E000A9133A /* Release */,
			);
			defaultConfigurationIsVisible = 0;
			defaultConfigurationName = Release;
		};
		5CBB63EA146080E000A9133A /* Build configuration list for PBXNativeTarget "OrigoApp" */ = {
			isa = XCConfigurationList;
			buildConfigurations = (
				5CBB63EB146080E000A9133A /* Debug */,
				5CBB63EC146080E000A9133A /* Release */,
			);
			defaultConfigurationIsVisible = 0;
			defaultConfigurationName = Release;
		};
		5CBB63ED146080E000A9133A /* Build configuration list for PBXNativeTarget "OrigoAppTests" */ = {
			isa = XCConfigurationList;
			buildConfigurations = (
				5CBB63EE146080E000A9133A /* Debug */,
				5CBB63EF146080E000A9133A /* Release */,
			);
			defaultConfigurationIsVisible = 0;
			defaultConfigurationName = Release;
		};
/* End XCConfigurationList section */

/* Begin XCVersionGroup section */
		5C36BE9A1470507700DD3CEA /* OrigoApp.xcdatamodeld */ = {
			isa = XCVersionGroup;
			children = (
				5C36BE9B1470507700DD3CEA /* OrigoApp.xcdatamodel */,
			);
			currentVersion = 5C36BE9B1470507700DD3CEA /* OrigoApp.xcdatamodel */;
			path = OrigoApp.xcdatamodeld;
			sourceTree = "<group>";
			versionGroupType = wrapper.xcdatamodel;
		};
/* End XCVersionGroup section */
	};
	rootObject = 5CBB63AB146080DD00A9133A /* Project object */;
}
